// !$*UTF8*$!
{
	archiveVersion = 1;
	classes = {
	};
	objectVersion = 56;
	objects = {

/* Begin PBXBuildFile section */
		5946444F2C13722800F47784 /* Filters.swift in Sources */ = {isa = PBXBuildFile; fileRef = 5946444E2C13722800F47784 /* Filters.swift */; };
		5988EFE82C0F710C007C28CF /* Paste.swift in Sources */ = {isa = PBXBuildFile; fileRef = 5988EFE72C0F710C007C28CF /* Paste.swift */; };
		5988EFEB2C0F71C0007C28CF /* MakeLink.swift in Sources */ = {isa = PBXBuildFile; fileRef = 5988EFEA2C0F71C0007C28CF /* MakeLink.swift */; };
		59899A392C0159FB00470E42 /* LinkListView.swift in Sources */ = {isa = PBXBuildFile; fileRef = 59899A382C0159FB00470E42 /* LinkListView.swift */; };
		59899A3B2C015B8400470E42 /* AddLinkView.swift in Sources */ = {isa = PBXBuildFile; fileRef = 59899A3A2C015B8400470E42 /* AddLinkView.swift */; };
		59899A3E2C015D1D00470E42 /* LinkListViewModel.swift in Sources */ = {isa = PBXBuildFile; fileRef = 59899A3D2C015D1D00470E42 /* LinkListViewModel.swift */; };
		598F53AC2C06A1C200362AB5 /* ShareView.swift in Sources */ = {isa = PBXBuildFile; fileRef = 598F53AB2C06A1C200362AB5 /* ShareView.swift */; };
		598F53B12C07E53F00362AB5 /* MainInterface.storyboard in Resources */ = {isa = PBXBuildFile; fileRef = 598F53B02C07E53F00362AB5 /* MainInterface.storyboard */; };
		598F53B62C096A4A00362AB5 /* CodableLinkMetadata.swift in Sources */ = {isa = PBXBuildFile; fileRef = 598F53B52C096A4A00362AB5 /* CodableLinkMetadata.swift */; };
		598F53BA2C096D2500362AB5 /* FetchMetadata.swift in Sources */ = {isa = PBXBuildFile; fileRef = 598F53B92C096D2500362AB5 /* FetchMetadata.swift */; };
		5992D22C2C0699E900E643A2 /* ShareViewController.swift in Sources */ = {isa = PBXBuildFile; fileRef = 5992D22B2C0699E900E643A2 /* ShareViewController.swift */; };
		5992D2332C0699E900E643A2 /* ShareSheet.appex in Embed Foundation Extensions */ = {isa = PBXBuildFile; fileRef = 5992D2292C0699E900E643A2 /* ShareSheet.appex */; settings = {ATTRIBUTES = (RemoveHeadersOnCopy, ); }; };
		5992D2392C069E2700E643A2 /* ConfigureModelContainer.swift in Sources */ = {isa = PBXBuildFile; fileRef = 5992D2382C069E2700E643A2 /* ConfigureModelContainer.swift */; };
		59A076772C161ECC0050D90F /* WidgetKit.framework in Frameworks */ = {isa = PBXBuildFile; fileRef = 59A076762C161ECC0050D90F /* WidgetKit.framework */; };
		59A076792C161ECC0050D90F /* SwiftUI.framework in Frameworks */ = {isa = PBXBuildFile; fileRef = 59A076782C161ECC0050D90F /* SwiftUI.framework */; };
		59A0767C2C161ECC0050D90F /* WidgetAppBundle.swift in Sources */ = {isa = PBXBuildFile; fileRef = 59A0767B2C161ECC0050D90F /* WidgetAppBundle.swift */; };
		59A0767E2C161ECC0050D90F /* WidgetApp.swift in Sources */ = {isa = PBXBuildFile; fileRef = 59A0767D2C161ECC0050D90F /* WidgetApp.swift */; };
		59A076802C161ECD0050D90F /* Assets.xcassets in Resources */ = {isa = PBXBuildFile; fileRef = 59A0767F2C161ECD0050D90F /* Assets.xcassets */; };
		59A076842C161ECD0050D90F /* WidgetAppExtension.appex in Embed Foundation Extensions */ = {isa = PBXBuildFile; fileRef = 59A076742C161ECC0050D90F /* WidgetAppExtension.appex */; settings = {ATTRIBUTES = (RemoveHeadersOnCopy, ); }; };
		59A076922C1621A30050D90F /* Link.swift in Sources */ = {isa = PBXBuildFile; fileRef = 59BFB2362BFCFAE5008B6EA8 /* Link.swift */; };
		59A076932C1621A30050D90F /* Link.swift in Sources */ = {isa = PBXBuildFile; fileRef = 59BFB2362BFCFAE5008B6EA8 /* Link.swift */; };
		59A076942C1621A60050D90F /* CodableLinkMetadata.swift in Sources */ = {isa = PBXBuildFile; fileRef = 598F53B52C096A4A00362AB5 /* CodableLinkMetadata.swift */; };
		59A076952C1621A70050D90F /* CodableLinkMetadata.swift in Sources */ = {isa = PBXBuildFile; fileRef = 598F53B52C096A4A00362AB5 /* CodableLinkMetadata.swift */; };
		59A076982C1621E80050D90F /* MakeLink.swift in Sources */ = {isa = PBXBuildFile; fileRef = 5988EFEA2C0F71C0007C28CF /* MakeLink.swift */; };
		59A076992C1621EF0050D90F /* ConfigureModelContainer.swift in Sources */ = {isa = PBXBuildFile; fileRef = 5992D2382C069E2700E643A2 /* ConfigureModelContainer.swift */; };
		59A0769A2C1621EF0050D90F /* ConfigureModelContainer.swift in Sources */ = {isa = PBXBuildFile; fileRef = 5992D2382C069E2700E643A2 /* ConfigureModelContainer.swift */; };
		59A0769B2C16220B0050D90F /* FetchMetadata.swift in Sources */ = {isa = PBXBuildFile; fileRef = 598F53B92C096D2500362AB5 /* FetchMetadata.swift */; };
		59AA758A2C1E349E00313B7F /* LinkViewedIntent.swift in Sources */ = {isa = PBXBuildFile; fileRef = 59E7BE452C1B77F00091BFEF /* LinkViewedIntent.swift */; };
		59AA758B2C1E34A200313B7F /* MementoShortcuts.swift in Sources */ = {isa = PBXBuildFile; fileRef = 59E7BE4D2C1D16470091BFEF /* MementoShortcuts.swift */; };
		59AA758C2C1E34A200313B7F /* MementoShortcuts.swift in Sources */ = {isa = PBXBuildFile; fileRef = 59E7BE4D2C1D16470091BFEF /* MementoShortcuts.swift */; };
		59AA758D2C1E34B000313B7F /* LinkEntity.swift in Sources */ = {isa = PBXBuildFile; fileRef = 59E7BE3C2C1AB6280091BFEF /* LinkEntity.swift */; };
		59AA758E2C1E34B200313B7F /* LinkEntityQuery.swift in Sources */ = {isa = PBXBuildFile; fileRef = 59E7BE3E2C1AB6530091BFEF /* LinkEntityQuery.swift */; };
		59AA75902C1E5B7800313B7F /* SaveLinkIntent.swift in Sources */ = {isa = PBXBuildFile; fileRef = 59AA758F2C1E5B7800313B7F /* SaveLinkIntent.swift */; };
		59AA75912C1E5B7800313B7F /* SaveLinkIntent.swift in Sources */ = {isa = PBXBuildFile; fileRef = 59AA758F2C1E5B7800313B7F /* SaveLinkIntent.swift */; };
		59AA75922C1E5B7800313B7F /* SaveLinkIntent.swift in Sources */ = {isa = PBXBuildFile; fileRef = 59AA758F2C1E5B7800313B7F /* SaveLinkIntent.swift */; };
		59AA75932C1E730900313B7F /* MakeLink.swift in Sources */ = {isa = PBXBuildFile; fileRef = 5988EFEA2C0F71C0007C28CF /* MakeLink.swift */; };
		59AA75942C1E731000313B7F /* FetchMetadata.swift in Sources */ = {isa = PBXBuildFile; fileRef = 598F53B92C096D2500362AB5 /* FetchMetadata.swift */; };
		59BE70012C20C9CC00F17829 /* DeleteLinkIntent.swift in Sources */ = {isa = PBXBuildFile; fileRef = 59BE70002C20C9CC00F17829 /* DeleteLinkIntent.swift */; };
		59BE70022C20C9CC00F17829 /* DeleteLinkIntent.swift in Sources */ = {isa = PBXBuildFile; fileRef = 59BE70002C20C9CC00F17829 /* DeleteLinkIntent.swift */; };
		59BE70032C20C9CC00F17829 /* DeleteLinkIntent.swift in Sources */ = {isa = PBXBuildFile; fileRef = 59BE70002C20C9CC00F17829 /* DeleteLinkIntent.swift */; };
		59BFB2332BFCFAE5008B6EA8 /* MementoApp.swift in Sources */ = {isa = PBXBuildFile; fileRef = 59BFB2322BFCFAE5008B6EA8 /* MementoApp.swift */; };
		59BFB2352BFCFAE5008B6EA8 /* ContentView.swift in Sources */ = {isa = PBXBuildFile; fileRef = 59BFB2342BFCFAE5008B6EA8 /* ContentView.swift */; };
		59BFB2372BFCFAE5008B6EA8 /* Link.swift in Sources */ = {isa = PBXBuildFile; fileRef = 59BFB2362BFCFAE5008B6EA8 /* Link.swift */; };
		59BFB2392BFCFAE6008B6EA8 /* Assets.xcassets in Resources */ = {isa = PBXBuildFile; fileRef = 59BFB2382BFCFAE6008B6EA8 /* Assets.xcassets */; };
		59BFB2462BFCFAE6008B6EA8 /* MementoTests.swift in Sources */ = {isa = PBXBuildFile; fileRef = 59BFB2452BFCFAE6008B6EA8 /* MementoTests.swift */; };
		59BFB2502BFCFAE6008B6EA8 /* MementoUITests.swift in Sources */ = {isa = PBXBuildFile; fileRef = 59BFB24F2BFCFAE6008B6EA8 /* MementoUITests.swift */; };
		59BFB2522BFCFAE6008B6EA8 /* MementoUITestsLaunchTests.swift in Sources */ = {isa = PBXBuildFile; fileRef = 59BFB2512BFCFAE6008B6EA8 /* MementoUITestsLaunchTests.swift */; };
		59DF06A62C0439BF00457E4B /* NewLinkViewModel.swift in Sources */ = {isa = PBXBuildFile; fileRef = 59DF06A52C0439BF00457E4B /* NewLinkViewModel.swift */; };
		59DF06A82C04F77500457E4B /* URLPreviewView.swift in Sources */ = {isa = PBXBuildFile; fileRef = 59DF06A72C04F77500457E4B /* URLPreviewView.swift */; };
		59E7BE3D2C1AB6280091BFEF /* LinkEntity.swift in Sources */ = {isa = PBXBuildFile; fileRef = 59E7BE3C2C1AB6280091BFEF /* LinkEntity.swift */; };
		59E7BE3F2C1AB6530091BFEF /* LinkEntityQuery.swift in Sources */ = {isa = PBXBuildFile; fileRef = 59E7BE3E2C1AB6530091BFEF /* LinkEntityQuery.swift */; };
		59E7BE462C1B77F00091BFEF /* LinkViewedIntent.swift in Sources */ = {isa = PBXBuildFile; fileRef = 59E7BE452C1B77F00091BFEF /* LinkViewedIntent.swift */; };
		59E7BE472C1B98A90091BFEF /* LinkViewedIntent.swift in Sources */ = {isa = PBXBuildFile; fileRef = 59E7BE452C1B77F00091BFEF /* LinkViewedIntent.swift */; };
		59E7BE482C1B99B80091BFEF /* LinkEntity.swift in Sources */ = {isa = PBXBuildFile; fileRef = 59E7BE3C2C1AB6280091BFEF /* LinkEntity.swift */; };
		59E7BE492C1B99BD0091BFEF /* LinkEntityQuery.swift in Sources */ = {isa = PBXBuildFile; fileRef = 59E7BE3E2C1AB6530091BFEF /* LinkEntityQuery.swift */; };
		59E7BE4E2C1D16470091BFEF /* MementoShortcuts.swift in Sources */ = {isa = PBXBuildFile; fileRef = 59E7BE4D2C1D16470091BFEF /* MementoShortcuts.swift */; };
		59EBBAAA2C0BDE62000C9658 /* LinkView.swift in Sources */ = {isa = PBXBuildFile; fileRef = 59EBBAA92C0BDE62000C9658 /* LinkView.swift */; };
/* End PBXBuildFile section */

/* Begin PBXContainerItemProxy section */
		5992D2312C0699E900E643A2 /* PBXContainerItemProxy */ = {
			isa = PBXContainerItemProxy;
			containerPortal = 59BFB2272BFCFAE5008B6EA8 /* Project object */;
			proxyType = 1;
			remoteGlobalIDString = 5992D2282C0699E900E643A2;
			remoteInfo = ShareSheet;
		};
		59A076822C161ECD0050D90F /* PBXContainerItemProxy */ = {
			isa = PBXContainerItemProxy;
			containerPortal = 59BFB2272BFCFAE5008B6EA8 /* Project object */;
			proxyType = 1;
			remoteGlobalIDString = 59A076732C161ECC0050D90F;
			remoteInfo = WidgetAppExtension;
		};
		59BFB2422BFCFAE6008B6EA8 /* PBXContainerItemProxy */ = {
			isa = PBXContainerItemProxy;
			containerPortal = 59BFB2272BFCFAE5008B6EA8 /* Project object */;
			proxyType = 1;
			remoteGlobalIDString = 59BFB22E2BFCFAE5008B6EA8;
			remoteInfo = Memento;
		};
		59BFB24C2BFCFAE6008B6EA8 /* PBXContainerItemProxy */ = {
			isa = PBXContainerItemProxy;
			containerPortal = 59BFB2272BFCFAE5008B6EA8 /* Project object */;
			proxyType = 1;
			remoteGlobalIDString = 59BFB22E2BFCFAE5008B6EA8;
			remoteInfo = Memento;
		};
/* End PBXContainerItemProxy section */

/* Begin PBXCopyFilesBuildPhase section */
		59FC6A282BFECD1000D72FF2 /* Embed Foundation Extensions */ = {
			isa = PBXCopyFilesBuildPhase;
			buildActionMask = 2147483647;
			dstPath = "";
			dstSubfolderSpec = 13;
			files = (
				59A076842C161ECD0050D90F /* WidgetAppExtension.appex in Embed Foundation Extensions */,
				5992D2332C0699E900E643A2 /* ShareSheet.appex in Embed Foundation Extensions */,
			);
			name = "Embed Foundation Extensions";
			runOnlyForDeploymentPostprocessing = 0;
		};
/* End PBXCopyFilesBuildPhase section */

/* Begin PBXFileReference section */
		5946444E2C13722800F47784 /* Filters.swift */ = {isa = PBXFileReference; lastKnownFileType = sourcecode.swift; path = Filters.swift; sourceTree = "<group>"; };
		5988EFE72C0F710C007C28CF /* Paste.swift */ = {isa = PBXFileReference; lastKnownFileType = sourcecode.swift; path = Paste.swift; sourceTree = "<group>"; };
		5988EFEA2C0F71C0007C28CF /* MakeLink.swift */ = {isa = PBXFileReference; lastKnownFileType = sourcecode.swift; path = MakeLink.swift; sourceTree = "<group>"; };
		59899A382C0159FB00470E42 /* LinkListView.swift */ = {isa = PBXFileReference; lastKnownFileType = sourcecode.swift; path = LinkListView.swift; sourceTree = "<group>"; };
		59899A3A2C015B8400470E42 /* AddLinkView.swift */ = {isa = PBXFileReference; lastKnownFileType = sourcecode.swift; path = AddLinkView.swift; sourceTree = "<group>"; };
		59899A3D2C015D1D00470E42 /* LinkListViewModel.swift */ = {isa = PBXFileReference; lastKnownFileType = sourcecode.swift; path = LinkListViewModel.swift; sourceTree = "<group>"; };
		598F53AB2C06A1C200362AB5 /* ShareView.swift */ = {isa = PBXFileReference; lastKnownFileType = sourcecode.swift; path = ShareView.swift; sourceTree = "<group>"; };
		598F53AD2C06AFBA00362AB5 /* Info.plist */ = {isa = PBXFileReference; lastKnownFileType = text.plist; path = Info.plist; sourceTree = "<group>"; };
		598F53AE2C06BE3000362AB5 /* Memento.entitlements */ = {isa = PBXFileReference; lastKnownFileType = text.plist.entitlements; path = Memento.entitlements; sourceTree = "<group>"; };
		598F53AF2C06BE7B00362AB5 /* ShareSheet.entitlements */ = {isa = PBXFileReference; lastKnownFileType = text.plist.entitlements; path = ShareSheet.entitlements; sourceTree = "<group>"; };
		598F53B02C07E53F00362AB5 /* MainInterface.storyboard */ = {isa = PBXFileReference; fileEncoding = 4; lastKnownFileType = file.storyboard; path = MainInterface.storyboard; sourceTree = "<group>"; };
		598F53B52C096A4A00362AB5 /* CodableLinkMetadata.swift */ = {isa = PBXFileReference; lastKnownFileType = sourcecode.swift; path = CodableLinkMetadata.swift; sourceTree = "<group>"; };
		598F53B92C096D2500362AB5 /* FetchMetadata.swift */ = {isa = PBXFileReference; lastKnownFileType = sourcecode.swift; path = FetchMetadata.swift; sourceTree = "<group>"; };
		5992D2292C0699E900E643A2 /* ShareSheet.appex */ = {isa = PBXFileReference; explicitFileType = "wrapper.app-extension"; includeInIndex = 0; path = ShareSheet.appex; sourceTree = BUILT_PRODUCTS_DIR; };
		5992D22B2C0699E900E643A2 /* ShareViewController.swift */ = {isa = PBXFileReference; lastKnownFileType = sourcecode.swift; path = ShareViewController.swift; sourceTree = "<group>"; };
		5992D2302C0699E900E643A2 /* Info.plist */ = {isa = PBXFileReference; lastKnownFileType = text.plist.xml; path = Info.plist; sourceTree = "<group>"; };
		5992D2382C069E2700E643A2 /* ConfigureModelContainer.swift */ = {isa = PBXFileReference; lastKnownFileType = sourcecode.swift; path = ConfigureModelContainer.swift; sourceTree = "<group>"; };
		59A076742C161ECC0050D90F /* WidgetAppExtension.appex */ = {isa = PBXFileReference; explicitFileType = "wrapper.app-extension"; includeInIndex = 0; path = WidgetAppExtension.appex; sourceTree = BUILT_PRODUCTS_DIR; };
		59A076762C161ECC0050D90F /* WidgetKit.framework */ = {isa = PBXFileReference; lastKnownFileType = wrapper.framework; name = WidgetKit.framework; path = System/Library/Frameworks/WidgetKit.framework; sourceTree = SDKROOT; };
		59A076782C161ECC0050D90F /* SwiftUI.framework */ = {isa = PBXFileReference; lastKnownFileType = wrapper.framework; name = SwiftUI.framework; path = System/Library/Frameworks/SwiftUI.framework; sourceTree = SDKROOT; };
		59A0767B2C161ECC0050D90F /* WidgetAppBundle.swift */ = {isa = PBXFileReference; lastKnownFileType = sourcecode.swift; path = WidgetAppBundle.swift; sourceTree = "<group>"; };
		59A0767D2C161ECC0050D90F /* WidgetApp.swift */ = {isa = PBXFileReference; lastKnownFileType = sourcecode.swift; path = WidgetApp.swift; sourceTree = "<group>"; };
		59A0767F2C161ECD0050D90F /* Assets.xcassets */ = {isa = PBXFileReference; lastKnownFileType = folder.assetcatalog; path = Assets.xcassets; sourceTree = "<group>"; };
		59A076812C161ECD0050D90F /* Info.plist */ = {isa = PBXFileReference; lastKnownFileType = text.plist.xml; path = Info.plist; sourceTree = "<group>"; };
		59A076882C161FC40050D90F /* WidgetAppExtension.entitlements */ = {isa = PBXFileReference; lastKnownFileType = text.plist.entitlements; path = WidgetAppExtension.entitlements; sourceTree = "<group>"; };
		59AA758F2C1E5B7800313B7F /* SaveLinkIntent.swift */ = {isa = PBXFileReference; lastKnownFileType = sourcecode.swift; path = SaveLinkIntent.swift; sourceTree = "<group>"; };
		59BE70002C20C9CC00F17829 /* DeleteLinkIntent.swift */ = {isa = PBXFileReference; lastKnownFileType = sourcecode.swift; path = DeleteLinkIntent.swift; sourceTree = "<group>"; };
		59BFB22F2BFCFAE5008B6EA8 /* Memento.app */ = {isa = PBXFileReference; explicitFileType = wrapper.application; includeInIndex = 0; path = Memento.app; sourceTree = BUILT_PRODUCTS_DIR; };
		59BFB2322BFCFAE5008B6EA8 /* MementoApp.swift */ = {isa = PBXFileReference; lastKnownFileType = sourcecode.swift; path = MementoApp.swift; sourceTree = "<group>"; };
		59BFB2342BFCFAE5008B6EA8 /* ContentView.swift */ = {isa = PBXFileReference; lastKnownFileType = sourcecode.swift; path = ContentView.swift; sourceTree = "<group>"; };
		59BFB2362BFCFAE5008B6EA8 /* Link.swift */ = {isa = PBXFileReference; lastKnownFileType = sourcecode.swift; path = Link.swift; sourceTree = "<group>"; };
		59BFB2382BFCFAE6008B6EA8 /* Assets.xcassets */ = {isa = PBXFileReference; lastKnownFileType = folder.assetcatalog; path = Assets.xcassets; sourceTree = "<group>"; };
		59BFB2412BFCFAE6008B6EA8 /* MementoTests.xctest */ = {isa = PBXFileReference; explicitFileType = wrapper.cfbundle; includeInIndex = 0; path = MementoTests.xctest; sourceTree = BUILT_PRODUCTS_DIR; };
		59BFB2452BFCFAE6008B6EA8 /* MementoTests.swift */ = {isa = PBXFileReference; lastKnownFileType = sourcecode.swift; path = MementoTests.swift; sourceTree = "<group>"; };
		59BFB24B2BFCFAE6008B6EA8 /* MementoUITests.xctest */ = {isa = PBXFileReference; explicitFileType = wrapper.cfbundle; includeInIndex = 0; path = MementoUITests.xctest; sourceTree = BUILT_PRODUCTS_DIR; };
		59BFB24F2BFCFAE6008B6EA8 /* MementoUITests.swift */ = {isa = PBXFileReference; lastKnownFileType = sourcecode.swift; path = MementoUITests.swift; sourceTree = "<group>"; };
		59BFB2512BFCFAE6008B6EA8 /* MementoUITestsLaunchTests.swift */ = {isa = PBXFileReference; lastKnownFileType = sourcecode.swift; path = MementoUITestsLaunchTests.swift; sourceTree = "<group>"; };
		59DF06A52C0439BF00457E4B /* NewLinkViewModel.swift */ = {isa = PBXFileReference; lastKnownFileType = sourcecode.swift; path = NewLinkViewModel.swift; sourceTree = "<group>"; };
		59DF06A72C04F77500457E4B /* URLPreviewView.swift */ = {isa = PBXFileReference; lastKnownFileType = sourcecode.swift; path = URLPreviewView.swift; sourceTree = "<group>"; };
		59E7BE3C2C1AB6280091BFEF /* LinkEntity.swift */ = {isa = PBXFileReference; lastKnownFileType = sourcecode.swift; path = LinkEntity.swift; sourceTree = "<group>"; };
		59E7BE3E2C1AB6530091BFEF /* LinkEntityQuery.swift */ = {isa = PBXFileReference; lastKnownFileType = sourcecode.swift; path = LinkEntityQuery.swift; sourceTree = "<group>"; };
		59E7BE452C1B77F00091BFEF /* LinkViewedIntent.swift */ = {isa = PBXFileReference; lastKnownFileType = sourcecode.swift; path = LinkViewedIntent.swift; sourceTree = "<group>"; };
		59E7BE4D2C1D16470091BFEF /* MementoShortcuts.swift */ = {isa = PBXFileReference; lastKnownFileType = sourcecode.swift; path = MementoShortcuts.swift; sourceTree = "<group>"; };
		59EBBAA92C0BDE62000C9658 /* LinkView.swift */ = {isa = PBXFileReference; lastKnownFileType = sourcecode.swift; path = LinkView.swift; sourceTree = "<group>"; };
/* End PBXFileReference section */

/* Begin PBXFrameworksBuildPhase section */
		5992D2262C0699E900E643A2 /* Frameworks */ = {
			isa = PBXFrameworksBuildPhase;
			buildActionMask = 2147483647;
			files = (
			);
			runOnlyForDeploymentPostprocessing = 0;
		};
		59A076712C161ECC0050D90F /* Frameworks */ = {
			isa = PBXFrameworksBuildPhase;
			buildActionMask = 2147483647;
			files = (
				59A076792C161ECC0050D90F /* SwiftUI.framework in Frameworks */,
				59A076772C161ECC0050D90F /* WidgetKit.framework in Frameworks */,
			);
			runOnlyForDeploymentPostprocessing = 0;
		};
		59BFB22C2BFCFAE5008B6EA8 /* Frameworks */ = {
			isa = PBXFrameworksBuildPhase;
			buildActionMask = 2147483647;
			files = (
			);
			runOnlyForDeploymentPostprocessing = 0;
		};
		59BFB23E2BFCFAE6008B6EA8 /* Frameworks */ = {
			isa = PBXFrameworksBuildPhase;
			buildActionMask = 2147483647;
			files = (
			);
			runOnlyForDeploymentPostprocessing = 0;
		};
		59BFB2482BFCFAE6008B6EA8 /* Frameworks */ = {
			isa = PBXFrameworksBuildPhase;
			buildActionMask = 2147483647;
			files = (
			);
			runOnlyForDeploymentPostprocessing = 0;
		};
/* End PBXFrameworksBuildPhase section */

/* Begin PBXGroup section */
		59899A3C2C015D0D00470E42 /* ViewModels */ = {
			isa = PBXGroup;
			children = (
				59899A3D2C015D1D00470E42 /* LinkListViewModel.swift */,
				59DF06A52C0439BF00457E4B /* NewLinkViewModel.swift */,
			);
			path = ViewModels;
			sourceTree = "<group>";
		};
		5992D22A2C0699E900E643A2 /* ShareSheet */ = {
			isa = PBXGroup;
			children = (
				598F53AF2C06BE7B00362AB5 /* ShareSheet.entitlements */,
				5992D22B2C0699E900E643A2 /* ShareViewController.swift */,
				598F53AB2C06A1C200362AB5 /* ShareView.swift */,
				598F53B02C07E53F00362AB5 /* MainInterface.storyboard */,
				5992D2302C0699E900E643A2 /* Info.plist */,
			);
			path = ShareSheet;
			sourceTree = "<group>";
		};
		5992D2372C069E1700E643A2 /* Functions */ = {
			isa = PBXGroup;
			children = (
				5992D2382C069E2700E643A2 /* ConfigureModelContainer.swift */,
				598F53B92C096D2500362AB5 /* FetchMetadata.swift */,
				5988EFE72C0F710C007C28CF /* Paste.swift */,
				5988EFEA2C0F71C0007C28CF /* MakeLink.swift */,
			);
			path = Functions;
			sourceTree = "<group>";
		};
		59A076752C161ECC0050D90F /* Frameworks */ = {
			isa = PBXGroup;
			children = (
				59A076762C161ECC0050D90F /* WidgetKit.framework */,
				59A076782C161ECC0050D90F /* SwiftUI.framework */,
			);
			name = Frameworks;
			sourceTree = "<group>";
		};
		59A0767A2C161ECC0050D90F /* WidgetApp */ = {
			isa = PBXGroup;
			children = (
				59A0767B2C161ECC0050D90F /* WidgetAppBundle.swift */,
				59A0767D2C161ECC0050D90F /* WidgetApp.swift */,
				59A0767F2C161ECD0050D90F /* Assets.xcassets */,
				59A076812C161ECD0050D90F /* Info.plist */,
			);
			path = WidgetApp;
			sourceTree = "<group>";
		};
		59BFB2262BFCFAE5008B6EA8 = {
			isa = PBXGroup;
			children = (
				59A076882C161FC40050D90F /* WidgetAppExtension.entitlements */,
				59BFB2312BFCFAE5008B6EA8 /* Memento */,
				59BFB2442BFCFAE6008B6EA8 /* MementoTests */,
				59BFB24E2BFCFAE6008B6EA8 /* MementoUITests */,
				5992D22A2C0699E900E643A2 /* ShareSheet */,
				59A0767A2C161ECC0050D90F /* WidgetApp */,
				59A076752C161ECC0050D90F /* Frameworks */,
				59BFB2302BFCFAE5008B6EA8 /* Products */,
			);
			sourceTree = "<group>";
		};
		59BFB2302BFCFAE5008B6EA8 /* Products */ = {
			isa = PBXGroup;
			children = (
				59BFB22F2BFCFAE5008B6EA8 /* Memento.app */,
				59BFB2412BFCFAE6008B6EA8 /* MementoTests.xctest */,
				59BFB24B2BFCFAE6008B6EA8 /* MementoUITests.xctest */,
				5992D2292C0699E900E643A2 /* ShareSheet.appex */,
				59A076742C161ECC0050D90F /* WidgetAppExtension.appex */,
			);
			name = Products;
			sourceTree = "<group>";
		};
		59BFB2312BFCFAE5008B6EA8 /* Memento */ = {
			isa = PBXGroup;
			children = (
				59BFB2322BFCFAE5008B6EA8 /* MementoApp.swift */,
				59899A3C2C015D0D00470E42 /* ViewModels */,
				59FC6A442BFEE22300D72FF2 /* Views */,
				5992D2372C069E1700E643A2 /* Functions */,
				59FC6A452BFEE23D00D72FF2 /* Models */,
				59E7BE442C1B76160091BFEF /* Intents */,
				59BFB2382BFCFAE6008B6EA8 /* Assets.xcassets */,
				598F53AE2C06BE3000362AB5 /* Memento.entitlements */,
				598F53AD2C06AFBA00362AB5 /* Info.plist */,
			);
			path = Memento;
			sourceTree = "<group>";
		};
		59BFB2442BFCFAE6008B6EA8 /* MementoTests */ = {
			isa = PBXGroup;
			children = (
				59BFB2452BFCFAE6008B6EA8 /* MementoTests.swift */,
			);
			path = MementoTests;
			sourceTree = "<group>";
		};
		59BFB24E2BFCFAE6008B6EA8 /* MementoUITests */ = {
			isa = PBXGroup;
			children = (
				59BFB24F2BFCFAE6008B6EA8 /* MementoUITests.swift */,
				59BFB2512BFCFAE6008B6EA8 /* MementoUITestsLaunchTests.swift */,
			);
			path = MementoUITests;
			sourceTree = "<group>";
		};
		59E7BE3B2C1AB6120091BFEF /* Link */ = {
			isa = PBXGroup;
			children = (
				59BFB2362BFCFAE5008B6EA8 /* Link.swift */,
				59E7BE3C2C1AB6280091BFEF /* LinkEntity.swift */,
				59E7BE3E2C1AB6530091BFEF /* LinkEntityQuery.swift */,
			);
			path = Link;
			sourceTree = "<group>";
		};
		59E7BE442C1B76160091BFEF /* Intents */ = {
			isa = PBXGroup;
			children = (
				59E7BE4D2C1D16470091BFEF /* MementoShortcuts.swift */,
				59E7BE452C1B77F00091BFEF /* LinkViewedIntent.swift */,
				59AA758F2C1E5B7800313B7F /* SaveLinkIntent.swift */,
				59BE70002C20C9CC00F17829 /* DeleteLinkIntent.swift */,
			);
			path = Intents;
			sourceTree = "<group>";
		};
		59FC6A442BFEE22300D72FF2 /* Views */ = {
			isa = PBXGroup;
			children = (
				59BFB2342BFCFAE5008B6EA8 /* ContentView.swift */,
				59899A382C0159FB00470E42 /* LinkListView.swift */,
				59899A3A2C015B8400470E42 /* AddLinkView.swift */,
				59DF06A72C04F77500457E4B /* URLPreviewView.swift */,
				59EBBAA92C0BDE62000C9658 /* LinkView.swift */,
			);
			path = Views;
			sourceTree = "<group>";
		};
		59FC6A452BFEE23D00D72FF2 /* Models */ = {
			isa = PBXGroup;
			children = (
				59E7BE3B2C1AB6120091BFEF /* Link */,
				598F53B52C096A4A00362AB5 /* CodableLinkMetadata.swift */,
				5946444E2C13722800F47784 /* Filters.swift */,
			);
			path = Models;
			sourceTree = "<group>";
		};
/* End PBXGroup section */

/* Begin PBXNativeTarget section */
		5992D2282C0699E900E643A2 /* ShareSheet */ = {
			isa = PBXNativeTarget;
			buildConfigurationList = 5992D2362C0699E900E643A2 /* Build configuration list for PBXNativeTarget "ShareSheet" */;
			buildPhases = (
				5992D2252C0699E900E643A2 /* Sources */,
				5992D2262C0699E900E643A2 /* Frameworks */,
				5992D2272C0699E900E643A2 /* Resources */,
			);
			buildRules = (
			);
			dependencies = (
			);
			name = ShareSheet;
			productName = ShareSheet;
			productReference = 5992D2292C0699E900E643A2 /* ShareSheet.appex */;
			productType = "com.apple.product-type.app-extension";
		};
		59A076732C161ECC0050D90F /* WidgetAppExtension */ = {
			isa = PBXNativeTarget;
			buildConfigurationList = 59A076872C161ECD0050D90F /* Build configuration list for PBXNativeTarget "WidgetAppExtension" */;
			buildPhases = (
				59A076702C161ECC0050D90F /* Sources */,
				59A076712C161ECC0050D90F /* Frameworks */,
				59A076722C161ECC0050D90F /* Resources */,
			);
			buildRules = (
			);
			dependencies = (
			);
			name = WidgetAppExtension;
			productName = WidgetAppExtension;
			productReference = 59A076742C161ECC0050D90F /* WidgetAppExtension.appex */;
			productType = "com.apple.product-type.app-extension";
		};
		59BFB22E2BFCFAE5008B6EA8 /* Memento */ = {
			isa = PBXNativeTarget;
			buildConfigurationList = 59BFB2552BFCFAE6008B6EA8 /* Build configuration list for PBXNativeTarget "Memento" */;
			buildPhases = (
				59BFB22B2BFCFAE5008B6EA8 /* Sources */,
				59BFB22C2BFCFAE5008B6EA8 /* Frameworks */,
				59BFB22D2BFCFAE5008B6EA8 /* Resources */,
				59FC6A282BFECD1000D72FF2 /* Embed Foundation Extensions */,
			);
			buildRules = (
			);
			dependencies = (
				5992D2322C0699E900E643A2 /* PBXTargetDependency */,
				59A076832C161ECD0050D90F /* PBXTargetDependency */,
			);
			name = Memento;
			productName = Memento;
			productReference = 59BFB22F2BFCFAE5008B6EA8 /* Memento.app */;
			productType = "com.apple.product-type.application";
		};
		59BFB2402BFCFAE6008B6EA8 /* MementoTests */ = {
			isa = PBXNativeTarget;
			buildConfigurationList = 59BFB2582BFCFAE6008B6EA8 /* Build configuration list for PBXNativeTarget "MementoTests" */;
			buildPhases = (
				59BFB23D2BFCFAE6008B6EA8 /* Sources */,
				59BFB23E2BFCFAE6008B6EA8 /* Frameworks */,
				59BFB23F2BFCFAE6008B6EA8 /* Resources */,
			);
			buildRules = (
			);
			dependencies = (
				59BFB2432BFCFAE6008B6EA8 /* PBXTargetDependency */,
			);
			name = MementoTests;
			productName = MementoTests;
			productReference = 59BFB2412BFCFAE6008B6EA8 /* MementoTests.xctest */;
			productType = "com.apple.product-type.bundle.unit-test";
		};
		59BFB24A2BFCFAE6008B6EA8 /* MementoUITests */ = {
			isa = PBXNativeTarget;
			buildConfigurationList = 59BFB25B2BFCFAE6008B6EA8 /* Build configuration list for PBXNativeTarget "MementoUITests" */;
			buildPhases = (
				59BFB2472BFCFAE6008B6EA8 /* Sources */,
				59BFB2482BFCFAE6008B6EA8 /* Frameworks */,
				59BFB2492BFCFAE6008B6EA8 /* Resources */,
			);
			buildRules = (
			);
			dependencies = (
				59BFB24D2BFCFAE6008B6EA8 /* PBXTargetDependency */,
			);
			name = MementoUITests;
			productName = MementoUITests;
			productReference = 59BFB24B2BFCFAE6008B6EA8 /* MementoUITests.xctest */;
			productType = "com.apple.product-type.bundle.ui-testing";
		};
/* End PBXNativeTarget section */

/* Begin PBXProject section */
		59BFB2272BFCFAE5008B6EA8 /* Project object */ = {
			isa = PBXProject;
			attributes = {
				BuildIndependentTargetsInParallel = 1;
				LastSwiftUpdateCheck = 1530;
				LastUpgradeCheck = 1530;
				TargetAttributes = {
					5992D2282C0699E900E643A2 = {
						CreatedOnToolsVersion = 15.3;
					};
					59A076732C161ECC0050D90F = {
						CreatedOnToolsVersion = 15.3;
					};
					59BFB22E2BFCFAE5008B6EA8 = {
						CreatedOnToolsVersion = 15.3;
					};
					59BFB2402BFCFAE6008B6EA8 = {
						CreatedOnToolsVersion = 15.3;
						TestTargetID = 59BFB22E2BFCFAE5008B6EA8;
					};
					59BFB24A2BFCFAE6008B6EA8 = {
						CreatedOnToolsVersion = 15.3;
						TestTargetID = 59BFB22E2BFCFAE5008B6EA8;
					};
				};
			};
			buildConfigurationList = 59BFB22A2BFCFAE5008B6EA8 /* Build configuration list for PBXProject "Memento" */;
			compatibilityVersion = "Xcode 14.0";
			developmentRegion = en;
			hasScannedForEncodings = 0;
			knownRegions = (
				en,
				Base,
			);
			mainGroup = 59BFB2262BFCFAE5008B6EA8;
			productRefGroup = 59BFB2302BFCFAE5008B6EA8 /* Products */;
			projectDirPath = "";
			projectRoot = "";
			targets = (
				59BFB22E2BFCFAE5008B6EA8 /* Memento */,
				59BFB2402BFCFAE6008B6EA8 /* MementoTests */,
				59BFB24A2BFCFAE6008B6EA8 /* MementoUITests */,
				5992D2282C0699E900E643A2 /* ShareSheet */,
				59A076732C161ECC0050D90F /* WidgetAppExtension */,
			);
		};
/* End PBXProject section */

/* Begin PBXResourcesBuildPhase section */
		5992D2272C0699E900E643A2 /* Resources */ = {
			isa = PBXResourcesBuildPhase;
			buildActionMask = 2147483647;
			files = (
				598F53B12C07E53F00362AB5 /* MainInterface.storyboard in Resources */,
			);
			runOnlyForDeploymentPostprocessing = 0;
		};
		59A076722C161ECC0050D90F /* Resources */ = {
			isa = PBXResourcesBuildPhase;
			buildActionMask = 2147483647;
			files = (
				59A076802C161ECD0050D90F /* Assets.xcassets in Resources */,
			);
			runOnlyForDeploymentPostprocessing = 0;
		};
		59BFB22D2BFCFAE5008B6EA8 /* Resources */ = {
			isa = PBXResourcesBuildPhase;
			buildActionMask = 2147483647;
			files = (
				59BFB2392BFCFAE6008B6EA8 /* Assets.xcassets in Resources */,
			);
			runOnlyForDeploymentPostprocessing = 0;
		};
		59BFB23F2BFCFAE6008B6EA8 /* Resources */ = {
			isa = PBXResourcesBuildPhase;
			buildActionMask = 2147483647;
			files = (
			);
			runOnlyForDeploymentPostprocessing = 0;
		};
		59BFB2492BFCFAE6008B6EA8 /* Resources */ = {
			isa = PBXResourcesBuildPhase;
			buildActionMask = 2147483647;
			files = (
			);
			runOnlyForDeploymentPostprocessing = 0;
		};
/* End PBXResourcesBuildPhase section */

/* Begin PBXSourcesBuildPhase section */
		5992D2252C0699E900E643A2 /* Sources */ = {
			isa = PBXSourcesBuildPhase;
			buildActionMask = 2147483647;
			files = (
				59AA758C2C1E34A200313B7F /* MementoShortcuts.swift in Sources */,
				59BE70022C20C9CC00F17829 /* DeleteLinkIntent.swift in Sources */,
				59AA758E2C1E34B200313B7F /* LinkEntityQuery.swift in Sources */,
				59AA75912C1E5B7800313B7F /* SaveLinkIntent.swift in Sources */,
				59A076922C1621A30050D90F /* Link.swift in Sources */,
				59AA758D2C1E34B000313B7F /* LinkEntity.swift in Sources */,
				59A0769B2C16220B0050D90F /* FetchMetadata.swift in Sources */,
				598F53AC2C06A1C200362AB5 /* ShareView.swift in Sources */,
				5992D22C2C0699E900E643A2 /* ShareViewController.swift in Sources */,
				59A076982C1621E80050D90F /* MakeLink.swift in Sources */,
				59AA758A2C1E349E00313B7F /* LinkViewedIntent.swift in Sources */,
				59A076992C1621EF0050D90F /* ConfigureModelContainer.swift in Sources */,
				59A076942C1621A60050D90F /* CodableLinkMetadata.swift in Sources */,
			);
			runOnlyForDeploymentPostprocessing = 0;
		};
		59A076702C161ECC0050D90F /* Sources */ = {
			isa = PBXSourcesBuildPhase;
			buildActionMask = 2147483647;
			files = (
				59AA758B2C1E34A200313B7F /* MementoShortcuts.swift in Sources */,
				59BE70032C20C9CC00F17829 /* DeleteLinkIntent.swift in Sources */,
				59AA75942C1E731000313B7F /* FetchMetadata.swift in Sources */,
				59A0769A2C1621EF0050D90F /* ConfigureModelContainer.swift in Sources */,
				59E7BE492C1B99BD0091BFEF /* LinkEntityQuery.swift in Sources */,
				59A0767C2C161ECC0050D90F /* WidgetAppBundle.swift in Sources */,
				59AA75922C1E5B7800313B7F /* SaveLinkIntent.swift in Sources */,
				59E7BE482C1B99B80091BFEF /* LinkEntity.swift in Sources */,
				59AA75932C1E730900313B7F /* MakeLink.swift in Sources */,
				59E7BE472C1B98A90091BFEF /* LinkViewedIntent.swift in Sources */,
				59A076952C1621A70050D90F /* CodableLinkMetadata.swift in Sources */,
				59A076932C1621A30050D90F /* Link.swift in Sources */,
				59A0767E2C161ECC0050D90F /* WidgetApp.swift in Sources */,
			);
			runOnlyForDeploymentPostprocessing = 0;
		};
		59BFB22B2BFCFAE5008B6EA8 /* Sources */ = {
			isa = PBXSourcesBuildPhase;
			buildActionMask = 2147483647;
			files = (
				5988EFE82C0F710C007C28CF /* Paste.swift in Sources */,
				59E7BE4E2C1D16470091BFEF /* MementoShortcuts.swift in Sources */,
				59BFB2352BFCFAE5008B6EA8 /* ContentView.swift in Sources */,
				5988EFEB2C0F71C0007C28CF /* MakeLink.swift in Sources */,
				59BFB2372BFCFAE5008B6EA8 /* Link.swift in Sources */,
				59DF06A62C0439BF00457E4B /* NewLinkViewModel.swift in Sources */,
				59899A3E2C015D1D00470E42 /* LinkListViewModel.swift in Sources */,
				59E7BE3D2C1AB6280091BFEF /* LinkEntity.swift in Sources */,
				59E7BE3F2C1AB6530091BFEF /* LinkEntityQuery.swift in Sources */,
				59E7BE462C1B77F00091BFEF /* LinkViewedIntent.swift in Sources */,
				5946444F2C13722800F47784 /* Filters.swift in Sources */,
				59899A392C0159FB00470E42 /* LinkListView.swift in Sources */,
				59BFB2332BFCFAE5008B6EA8 /* MementoApp.swift in Sources */,
				598F53BA2C096D2500362AB5 /* FetchMetadata.swift in Sources */,
				59AA75902C1E5B7800313B7F /* SaveLinkIntent.swift in Sources */,
				59EBBAAA2C0BDE62000C9658 /* LinkView.swift in Sources */,
				59899A3B2C015B8400470E42 /* AddLinkView.swift in Sources */,
				5992D2392C069E2700E643A2 /* ConfigureModelContainer.swift in Sources */,
				59DF06A82C04F77500457E4B /* URLPreviewView.swift in Sources */,
				598F53B62C096A4A00362AB5 /* CodableLinkMetadata.swift in Sources */,
				59BE70012C20C9CC00F17829 /* DeleteLinkIntent.swift in Sources */,
			);
			runOnlyForDeploymentPostprocessing = 0;
		};
		59BFB23D2BFCFAE6008B6EA8 /* Sources */ = {
			isa = PBXSourcesBuildPhase;
			buildActionMask = 2147483647;
			files = (
				59BFB2462BFCFAE6008B6EA8 /* MementoTests.swift in Sources */,
			);
			runOnlyForDeploymentPostprocessing = 0;
		};
		59BFB2472BFCFAE6008B6EA8 /* Sources */ = {
			isa = PBXSourcesBuildPhase;
			buildActionMask = 2147483647;
			files = (
				59BFB2522BFCFAE6008B6EA8 /* MementoUITestsLaunchTests.swift in Sources */,
				59BFB2502BFCFAE6008B6EA8 /* MementoUITests.swift in Sources */,
			);
			runOnlyForDeploymentPostprocessing = 0;
		};
/* End PBXSourcesBuildPhase section */

/* Begin PBXTargetDependency section */
		5992D2322C0699E900E643A2 /* PBXTargetDependency */ = {
			isa = PBXTargetDependency;
			target = 5992D2282C0699E900E643A2 /* ShareSheet */;
			targetProxy = 5992D2312C0699E900E643A2 /* PBXContainerItemProxy */;
		};
		59A076832C161ECD0050D90F /* PBXTargetDependency */ = {
			isa = PBXTargetDependency;
			target = 59A076732C161ECC0050D90F /* WidgetAppExtension */;
			targetProxy = 59A076822C161ECD0050D90F /* PBXContainerItemProxy */;
		};
		59BFB2432BFCFAE6008B6EA8 /* PBXTargetDependency */ = {
			isa = PBXTargetDependency;
			target = 59BFB22E2BFCFAE5008B6EA8 /* Memento */;
			targetProxy = 59BFB2422BFCFAE6008B6EA8 /* PBXContainerItemProxy */;
		};
		59BFB24D2BFCFAE6008B6EA8 /* PBXTargetDependency */ = {
			isa = PBXTargetDependency;
			target = 59BFB22E2BFCFAE5008B6EA8 /* Memento */;
			targetProxy = 59BFB24C2BFCFAE6008B6EA8 /* PBXContainerItemProxy */;
		};
/* End PBXTargetDependency section */

/* Begin XCBuildConfiguration section */
		5992D2342C0699E900E643A2 /* Debug */ = {
			isa = XCBuildConfiguration;
			buildSettings = {
				CODE_SIGN_ENTITLEMENTS = ShareSheet/ShareSheet.entitlements;
				CODE_SIGN_STYLE = Automatic;
				CURRENT_PROJECT_VERSION = 1;
				DEVELOPMENT_TEAM = 5T458C78BL;
				GENERATE_INFOPLIST_FILE = YES;
				INFOPLIST_FILE = ShareSheet/Info.plist;
				INFOPLIST_KEY_CFBundleDisplayName = ShareSheet;
				INFOPLIST_KEY_NSHumanReadableCopyright = "";
				LD_RUNPATH_SEARCH_PATHS = (
					"$(inherited)",
					"@executable_path/Frameworks",
					"@executable_path/../../Frameworks",
				);
				MARKETING_VERSION = 1.0;
				PRODUCT_BUNDLE_IDENTIFIER = xyz.knotbin.memento.sharesheet;
				PRODUCT_NAME = "$(TARGET_NAME)";
				SKIP_INSTALL = YES;
				SWIFT_EMIT_LOC_STRINGS = YES;
				SWIFT_VERSION = 5.0;
				TARGETED_DEVICE_FAMILY = "1,2";
			};
			name = Debug;
		};
		5992D2352C0699E900E643A2 /* Release */ = {
			isa = XCBuildConfiguration;
			buildSettings = {
				CODE_SIGN_ENTITLEMENTS = ShareSheet/ShareSheet.entitlements;
				CODE_SIGN_STYLE = Automatic;
				CURRENT_PROJECT_VERSION = 1;
				DEVELOPMENT_TEAM = 5T458C78BL;
				GENERATE_INFOPLIST_FILE = YES;
				INFOPLIST_FILE = ShareSheet/Info.plist;
				INFOPLIST_KEY_CFBundleDisplayName = ShareSheet;
				INFOPLIST_KEY_NSHumanReadableCopyright = "";
				LD_RUNPATH_SEARCH_PATHS = (
					"$(inherited)",
					"@executable_path/Frameworks",
					"@executable_path/../../Frameworks",
				);
				MARKETING_VERSION = 1.0;
				PRODUCT_BUNDLE_IDENTIFIER = xyz.knotbin.memento.sharesheet;
				PRODUCT_NAME = "$(TARGET_NAME)";
				SKIP_INSTALL = YES;
				SWIFT_EMIT_LOC_STRINGS = YES;
				SWIFT_VERSION = 5.0;
				TARGETED_DEVICE_FAMILY = "1,2";
			};
			name = Release;
		};
		59A076852C161ECD0050D90F /* Debug */ = {
			isa = XCBuildConfiguration;
			buildSettings = {
				ASSETCATALOG_COMPILER_GLOBAL_ACCENT_COLOR_NAME = AccentColor;
				ASSETCATALOG_COMPILER_WIDGET_BACKGROUND_COLOR_NAME = WidgetBackground;
				CODE_SIGN_ENTITLEMENTS = WidgetAppExtension.entitlements;
				CODE_SIGN_STYLE = Automatic;
				CURRENT_PROJECT_VERSION = 1;
				DEVELOPMENT_TEAM = 5T458C78BL;
				GENERATE_INFOPLIST_FILE = YES;
				INFOPLIST_FILE = WidgetApp/Info.plist;
				INFOPLIST_KEY_CFBundleDisplayName = WidgetApp;
				INFOPLIST_KEY_NSHumanReadableCopyright = "";
				LD_RUNPATH_SEARCH_PATHS = (
					"$(inherited)",
					"@executable_path/Frameworks",
					"@executable_path/../../Frameworks",
				);
				MARKETING_VERSION = 1.0;
				PRODUCT_BUNDLE_IDENTIFIER = xyz.knotbin.memento.WidgetApp;
				PRODUCT_NAME = "$(TARGET_NAME)";
				SKIP_INSTALL = YES;
				SWIFT_EMIT_LOC_STRINGS = YES;
				SWIFT_VERSION = 5.0;
				TARGETED_DEVICE_FAMILY = "1,2";
			};
			name = Debug;
		};
		59A076862C161ECD0050D90F /* Release */ = {
			isa = XCBuildConfiguration;
			buildSettings = {
				ASSETCATALOG_COMPILER_GLOBAL_ACCENT_COLOR_NAME = AccentColor;
				ASSETCATALOG_COMPILER_WIDGET_BACKGROUND_COLOR_NAME = WidgetBackground;
				CODE_SIGN_ENTITLEMENTS = WidgetAppExtension.entitlements;
				CODE_SIGN_STYLE = Automatic;
				CURRENT_PROJECT_VERSION = 1;
				DEVELOPMENT_TEAM = 5T458C78BL;
				GENERATE_INFOPLIST_FILE = YES;
				INFOPLIST_FILE = WidgetApp/Info.plist;
				INFOPLIST_KEY_CFBundleDisplayName = WidgetApp;
				INFOPLIST_KEY_NSHumanReadableCopyright = "";
				LD_RUNPATH_SEARCH_PATHS = (
					"$(inherited)",
					"@executable_path/Frameworks",
					"@executable_path/../../Frameworks",
				);
				MARKETING_VERSION = 1.0;
				PRODUCT_BUNDLE_IDENTIFIER = xyz.knotbin.memento.WidgetApp;
				PRODUCT_NAME = "$(TARGET_NAME)";
				SKIP_INSTALL = YES;
				SWIFT_EMIT_LOC_STRINGS = YES;
				SWIFT_VERSION = 5.0;
				TARGETED_DEVICE_FAMILY = "1,2";
			};
			name = Release;
		};
		59BFB2532BFCFAE6008B6EA8 /* Debug */ = {
			isa = XCBuildConfiguration;
			buildSettings = {
				ALWAYS_SEARCH_USER_PATHS = NO;
				ASSETCATALOG_COMPILER_GENERATE_SWIFT_ASSET_SYMBOL_EXTENSIONS = YES;
				CLANG_ANALYZER_NONNULL = YES;
				CLANG_ANALYZER_NUMBER_OBJECT_CONVERSION = YES_AGGRESSIVE;
				CLANG_CXX_LANGUAGE_STANDARD = "gnu++20";
				CLANG_ENABLE_MODULES = YES;
				CLANG_ENABLE_OBJC_ARC = YES;
				CLANG_ENABLE_OBJC_WEAK = YES;
				CLANG_WARN_BLOCK_CAPTURE_AUTORELEASING = YES;
				CLANG_WARN_BOOL_CONVERSION = YES;
				CLANG_WARN_COMMA = YES;
				CLANG_WARN_CONSTANT_CONVERSION = YES;
				CLANG_WARN_DEPRECATED_OBJC_IMPLEMENTATIONS = YES;
				CLANG_WARN_DIRECT_OBJC_ISA_USAGE = YES_ERROR;
				CLANG_WARN_DOCUMENTATION_COMMENTS = YES;
				CLANG_WARN_EMPTY_BODY = YES;
				CLANG_WARN_ENUM_CONVERSION = YES;
				CLANG_WARN_INFINITE_RECURSION = YES;
				CLANG_WARN_INT_CONVERSION = YES;
				CLANG_WARN_NON_LITERAL_NULL_CONVERSION = YES;
				CLANG_WARN_OBJC_IMPLICIT_RETAIN_SELF = YES;
				CLANG_WARN_OBJC_LITERAL_CONVERSION = YES;
				CLANG_WARN_OBJC_ROOT_CLASS = YES_ERROR;
				CLANG_WARN_QUOTED_INCLUDE_IN_FRAMEWORK_HEADER = YES;
				CLANG_WARN_RANGE_LOOP_ANALYSIS = YES;
				CLANG_WARN_STRICT_PROTOTYPES = YES;
				CLANG_WARN_SUSPICIOUS_MOVE = YES;
				CLANG_WARN_UNGUARDED_AVAILABILITY = YES_AGGRESSIVE;
				CLANG_WARN_UNREACHABLE_CODE = YES;
				CLANG_WARN__DUPLICATE_METHOD_MATCH = YES;
				COPY_PHASE_STRIP = NO;
				DEBUG_INFORMATION_FORMAT = dwarf;
				ENABLE_STRICT_OBJC_MSGSEND = YES;
				ENABLE_TESTABILITY = YES;
				ENABLE_USER_SCRIPT_SANDBOXING = YES;
				GCC_C_LANGUAGE_STANDARD = gnu17;
				GCC_DYNAMIC_NO_PIC = NO;
				GCC_NO_COMMON_BLOCKS = YES;
				GCC_OPTIMIZATION_LEVEL = 0;
				GCC_PREPROCESSOR_DEFINITIONS = (
					"DEBUG=1",
					"$(inherited)",
				);
				GCC_WARN_64_TO_32_BIT_CONVERSION = YES;
				GCC_WARN_ABOUT_RETURN_TYPE = YES_ERROR;
				GCC_WARN_UNDECLARED_SELECTOR = YES;
				GCC_WARN_UNINITIALIZED_AUTOS = YES_AGGRESSIVE;
				GCC_WARN_UNUSED_FUNCTION = YES;
				GCC_WARN_UNUSED_VARIABLE = YES;
				IPHONEOS_DEPLOYMENT_TARGET = 17.4;
				LOCALIZATION_PREFERS_STRING_CATALOGS = YES;
				MTL_ENABLE_DEBUG_INFO = INCLUDE_SOURCE;
				MTL_FAST_MATH = YES;
				ONLY_ACTIVE_ARCH = YES;
				SDKROOT = iphoneos;
				SWIFT_ACTIVE_COMPILATION_CONDITIONS = "DEBUG $(inherited)";
				SWIFT_OPTIMIZATION_LEVEL = "-Onone";
			};
			name = Debug;
		};
		59BFB2542BFCFAE6008B6EA8 /* Release */ = {
			isa = XCBuildConfiguration;
			buildSettings = {
				ALWAYS_SEARCH_USER_PATHS = NO;
				ASSETCATALOG_COMPILER_GENERATE_SWIFT_ASSET_SYMBOL_EXTENSIONS = YES;
				CLANG_ANALYZER_NONNULL = YES;
				CLANG_ANALYZER_NUMBER_OBJECT_CONVERSION = YES_AGGRESSIVE;
				CLANG_CXX_LANGUAGE_STANDARD = "gnu++20";
				CLANG_ENABLE_MODULES = YES;
				CLANG_ENABLE_OBJC_ARC = YES;
				CLANG_ENABLE_OBJC_WEAK = YES;
				CLANG_WARN_BLOCK_CAPTURE_AUTORELEASING = YES;
				CLANG_WARN_BOOL_CONVERSION = YES;
				CLANG_WARN_COMMA = YES;
				CLANG_WARN_CONSTANT_CONVERSION = YES;
				CLANG_WARN_DEPRECATED_OBJC_IMPLEMENTATIONS = YES;
				CLANG_WARN_DIRECT_OBJC_ISA_USAGE = YES_ERROR;
				CLANG_WARN_DOCUMENTATION_COMMENTS = YES;
				CLANG_WARN_EMPTY_BODY = YES;
				CLANG_WARN_ENUM_CONVERSION = YES;
				CLANG_WARN_INFINITE_RECURSION = YES;
				CLANG_WARN_INT_CONVERSION = YES;
				CLANG_WARN_NON_LITERAL_NULL_CONVERSION = YES;
				CLANG_WARN_OBJC_IMPLICIT_RETAIN_SELF = YES;
				CLANG_WARN_OBJC_LITERAL_CONVERSION = YES;
				CLANG_WARN_OBJC_ROOT_CLASS = YES_ERROR;
				CLANG_WARN_QUOTED_INCLUDE_IN_FRAMEWORK_HEADER = YES;
				CLANG_WARN_RANGE_LOOP_ANALYSIS = YES;
				CLANG_WARN_STRICT_PROTOTYPES = YES;
				CLANG_WARN_SUSPICIOUS_MOVE = YES;
				CLANG_WARN_UNGUARDED_AVAILABILITY = YES_AGGRESSIVE;
				CLANG_WARN_UNREACHABLE_CODE = YES;
				CLANG_WARN__DUPLICATE_METHOD_MATCH = YES;
				COPY_PHASE_STRIP = NO;
				DEBUG_INFORMATION_FORMAT = "dwarf-with-dsym";
				ENABLE_NS_ASSERTIONS = NO;
				ENABLE_STRICT_OBJC_MSGSEND = YES;
				ENABLE_USER_SCRIPT_SANDBOXING = YES;
				GCC_C_LANGUAGE_STANDARD = gnu17;
				GCC_NO_COMMON_BLOCKS = YES;
				GCC_WARN_64_TO_32_BIT_CONVERSION = YES;
				GCC_WARN_ABOUT_RETURN_TYPE = YES_ERROR;
				GCC_WARN_UNDECLARED_SELECTOR = YES;
				GCC_WARN_UNINITIALIZED_AUTOS = YES_AGGRESSIVE;
				GCC_WARN_UNUSED_FUNCTION = YES;
				GCC_WARN_UNUSED_VARIABLE = YES;
				IPHONEOS_DEPLOYMENT_TARGET = 17.4;
				LOCALIZATION_PREFERS_STRING_CATALOGS = YES;
				MTL_ENABLE_DEBUG_INFO = NO;
				MTL_FAST_MATH = YES;
				SDKROOT = iphoneos;
				SWIFT_COMPILATION_MODE = wholemodule;
				VALIDATE_PRODUCT = YES;
			};
			name = Release;
		};
		59BFB2562BFCFAE6008B6EA8 /* Debug */ = {
			isa = XCBuildConfiguration;
			buildSettings = {
				ALWAYS_EMBED_SWIFT_STANDARD_LIBRARIES = YES;
				ASSETCATALOG_COMPILER_APPICON_NAME = AppIcon;
				ASSETCATALOG_COMPILER_GLOBAL_ACCENT_COLOR_NAME = AccentColor;
				CODE_SIGN_ENTITLEMENTS = Memento/Memento.entitlements;
				CODE_SIGN_STYLE = Automatic;
				CURRENT_PROJECT_VERSION = 1;
				DEVELOPMENT_ASSET_PATHS = "";
				DEVELOPMENT_TEAM = 5T458C78BL;
				ENABLE_PREVIEWS = YES;
				GENERATE_INFOPLIST_FILE = YES;
				INFOPLIST_FILE = Memento/Info.plist;
				INFOPLIST_KEY_UIApplicationSceneManifest_Generation = YES;
				INFOPLIST_KEY_UIApplicationSupportsIndirectInputEvents = YES;
				INFOPLIST_KEY_UILaunchScreen_Generation = YES;
				INFOPLIST_KEY_UISupportedInterfaceOrientations_iPad = "UIInterfaceOrientationPortrait UIInterfaceOrientationPortraitUpsideDown UIInterfaceOrientationLandscapeLeft UIInterfaceOrientationLandscapeRight";
				INFOPLIST_KEY_UISupportedInterfaceOrientations_iPhone = "UIInterfaceOrientationPortrait UIInterfaceOrientationLandscapeLeft UIInterfaceOrientationLandscapeRight";
				LD_RUNPATH_SEARCH_PATHS = (
					"$(inherited)",
					"@executable_path/Frameworks",
				);
				MARKETING_VERSION = 1.0;
				PRODUCT_BUNDLE_IDENTIFIER = xyz.knotbin.memento;
				PRODUCT_NAME = "$(TARGET_NAME)";
				SWIFT_EMIT_LOC_STRINGS = YES;
				SWIFT_VERSION = 5.0;
				TARGETED_DEVICE_FAMILY = "1,2";
			};
			name = Debug;
		};
		59BFB2572BFCFAE6008B6EA8 /* Release */ = {
			isa = XCBuildConfiguration;
			buildSettings = {
				ALWAYS_EMBED_SWIFT_STANDARD_LIBRARIES = YES;
				ASSETCATALOG_COMPILER_APPICON_NAME = AppIcon;
				ASSETCATALOG_COMPILER_GLOBAL_ACCENT_COLOR_NAME = AccentColor;
				CODE_SIGN_ENTITLEMENTS = Memento/Memento.entitlements;
				CODE_SIGN_STYLE = Automatic;
				CURRENT_PROJECT_VERSION = 1;
				DEVELOPMENT_ASSET_PATHS = "";
				DEVELOPMENT_TEAM = 5T458C78BL;
				ENABLE_PREVIEWS = YES;
				GENERATE_INFOPLIST_FILE = YES;
				INFOPLIST_FILE = Memento/Info.plist;
				INFOPLIST_KEY_UIApplicationSceneManifest_Generation = YES;
				INFOPLIST_KEY_UIApplicationSupportsIndirectInputEvents = YES;
				INFOPLIST_KEY_UILaunchScreen_Generation = YES;
				INFOPLIST_KEY_UISupportedInterfaceOrientations_iPad = "UIInterfaceOrientationPortrait UIInterfaceOrientationPortraitUpsideDown UIInterfaceOrientationLandscapeLeft UIInterfaceOrientationLandscapeRight";
				INFOPLIST_KEY_UISupportedInterfaceOrientations_iPhone = "UIInterfaceOrientationPortrait UIInterfaceOrientationLandscapeLeft UIInterfaceOrientationLandscapeRight";
				LD_RUNPATH_SEARCH_PATHS = (
					"$(inherited)",
					"@executable_path/Frameworks",
				);
				MARKETING_VERSION = 1.0;
				PRODUCT_BUNDLE_IDENTIFIER = xyz.knotbin.memento;
				PRODUCT_NAME = "$(TARGET_NAME)";
				SWIFT_EMIT_LOC_STRINGS = YES;
				SWIFT_VERSION = 5.0;
				TARGETED_DEVICE_FAMILY = "1,2";
			};
			name = Release;
		};
		59BFB2592BFCFAE6008B6EA8 /* Debug */ = {
			isa = XCBuildConfiguration;
			buildSettings = {
				ALWAYS_EMBED_SWIFT_STANDARD_LIBRARIES = YES;
				BUNDLE_LOADER = "$(TEST_HOST)";
				CODE_SIGN_STYLE = Automatic;
				CURRENT_PROJECT_VERSION = 1;
				DEVELOPMENT_TEAM = 5T458C78BL;
				GENERATE_INFOPLIST_FILE = YES;
				IPHONEOS_DEPLOYMENT_TARGET = 17.4;
				MARKETING_VERSION = 1.0;
				PRODUCT_BUNDLE_IDENTIFIER = com.roscoe.MementoTests;
				PRODUCT_NAME = "$(TARGET_NAME)";
				SWIFT_EMIT_LOC_STRINGS = NO;
				SWIFT_VERSION = 5.0;
				TARGETED_DEVICE_FAMILY = "1,2";
				TEST_HOST = "$(BUILT_PRODUCTS_DIR)/Memento.app/$(BUNDLE_EXECUTABLE_FOLDER_PATH)/Memento";
			};
			name = Debug;
		};
		59BFB25A2BFCFAE6008B6EA8 /* Release */ = {
			isa = XCBuildConfiguration;
			buildSettings = {
				ALWAYS_EMBED_SWIFT_STANDARD_LIBRARIES = YES;
				BUNDLE_LOADER = "$(TEST_HOST)";
				CODE_SIGN_STYLE = Automatic;
				CURRENT_PROJECT_VERSION = 1;
				DEVELOPMENT_TEAM = 5T458C78BL;
				GENERATE_INFOPLIST_FILE = YES;
				IPHONEOS_DEPLOYMENT_TARGET = 17.4;
				MARKETING_VERSION = 1.0;
				PRODUCT_BUNDLE_IDENTIFIER = com.roscoe.MementoTests;
				PRODUCT_NAME = "$(TARGET_NAME)";
				SWIFT_EMIT_LOC_STRINGS = NO;
				SWIFT_VERSION = 5.0;
				TARGETED_DEVICE_FAMILY = "1,2";
				TEST_HOST = "$(BUILT_PRODUCTS_DIR)/Memento.app/$(BUNDLE_EXECUTABLE_FOLDER_PATH)/Memento";
			};
			name = Release;
		};
		59BFB25C2BFCFAE6008B6EA8 /* Debug */ = {
			isa = XCBuildConfiguration;
			buildSettings = {
				ALWAYS_EMBED_SWIFT_STANDARD_LIBRARIES = YES;
				CODE_SIGN_STYLE = Automatic;
				CURRENT_PROJECT_VERSION = 1;
				DEVELOPMENT_TEAM = 5T458C78BL;
				GENERATE_INFOPLIST_FILE = YES;
				MARKETING_VERSION = 1.0;
				PRODUCT_BUNDLE_IDENTIFIER = com.roscoe.MementoUITests;
				PRODUCT_NAME = "$(TARGET_NAME)";
				SWIFT_EMIT_LOC_STRINGS = NO;
				SWIFT_VERSION = 5.0;
				TARGETED_DEVICE_FAMILY = "1,2";
				TEST_TARGET_NAME = Memento;
			};
			name = Debug;
		};
		59BFB25D2BFCFAE6008B6EA8 /* Release */ = {
			isa = XCBuildConfiguration;
			buildSettings = {
				ALWAYS_EMBED_SWIFT_STANDARD_LIBRARIES = YES;
				CODE_SIGN_STYLE = Automatic;
				CURRENT_PROJECT_VERSION = 1;
				DEVELOPMENT_TEAM = 5T458C78BL;
				GENERATE_INFOPLIST_FILE = YES;
				MARKETING_VERSION = 1.0;
				PRODUCT_BUNDLE_IDENTIFIER = com.roscoe.MementoUITests;
				PRODUCT_NAME = "$(TARGET_NAME)";
				SWIFT_EMIT_LOC_STRINGS = NO;
				SWIFT_VERSION = 5.0;
				TARGETED_DEVICE_FAMILY = "1,2";
				TEST_TARGET_NAME = Memento;
			};
			name = Release;
		};
/* End XCBuildConfiguration section */

/* Begin XCConfigurationList section */
		5992D2362C0699E900E643A2 /* Build configuration list for PBXNativeTarget "ShareSheet" */ = {
			isa = XCConfigurationList;
			buildConfigurations = (
				5992D2342C0699E900E643A2 /* Debug */,
				5992D2352C0699E900E643A2 /* Release */,
			);
			defaultConfigurationIsVisible = 0;
			defaultConfigurationName = Release;
		};
		59A076872C161ECD0050D90F /* Build configuration list for PBXNativeTarget "WidgetAppExtension" */ = {
			isa = XCConfigurationList;
			buildConfigurations = (
				59A076852C161ECD0050D90F /* Debug */,
				59A076862C161ECD0050D90F /* Release */,
			);
			defaultConfigurationIsVisible = 0;
			defaultConfigurationName = Release;
		};
		59BFB22A2BFCFAE5008B6EA8 /* Build configuration list for PBXProject "Memento" */ = {
			isa = XCConfigurationList;
			buildConfigurations = (
				59BFB2532BFCFAE6008B6EA8 /* Debug */,
				59BFB2542BFCFAE6008B6EA8 /* Release */,
			);
			defaultConfigurationIsVisible = 0;
			defaultConfigurationName = Release;
		};
		59BFB2552BFCFAE6008B6EA8 /* Build configuration list for PBXNativeTarget "Memento" */ = {
			isa = XCConfigurationList;
			buildConfigurations = (
				59BFB2562BFCFAE6008B6EA8 /* Debug */,
				59BFB2572BFCFAE6008B6EA8 /* Release */,
			);
			defaultConfigurationIsVisible = 0;
			defaultConfigurationName = Release;
		};
		59BFB2582BFCFAE6008B6EA8 /* Build configuration list for PBXNativeTarget "MementoTests" */ = {
			isa = XCConfigurationList;
			buildConfigurations = (
				59BFB2592BFCFAE6008B6EA8 /* Debug */,
				59BFB25A2BFCFAE6008B6EA8 /* Release */,
			);
			defaultConfigurationIsVisible = 0;
			defaultConfigurationName = Release;
		};
		59BFB25B2BFCFAE6008B6EA8 /* Build configuration list for PBXNativeTarget "MementoUITests" */ = {
			isa = XCConfigurationList;
			buildConfigurations = (
				59BFB25C2BFCFAE6008B6EA8 /* Debug */,
				59BFB25D2BFCFAE6008B6EA8 /* Release */,
			);
			defaultConfigurationIsVisible = 0;
			defaultConfigurationName = Release;
		};
/* End XCConfigurationList section */
	};
	rootObject = 59BFB2272BFCFAE5008B6EA8 /* Project object */;
}
