// !$*UTF8*$!
{
	archiveVersion = 1;
	classes = {
	};
	objectVersion = 56;
	objects = {

/* Begin PBXBuildFile section */
		59002F6B2C371F6600ED1191 /* OpenItemIntent.swift in Sources */ = {isa = PBXBuildFile; fileRef = 59B4D2D72C34623F0045CAA1 /* OpenItemIntent.swift */; };
		592F04092C3C7A0A00C1CA84 /* DetailView.swift in Sources */ = {isa = PBXBuildFile; fileRef = 592F04082C3C7A0A00C1CA84 /* DetailView.swift */; };
		593B7AE92C461FCB003FEE42 /* PrivacyInfo.xcprivacy in Resources */ = {isa = PBXBuildFile; fileRef = 593B7AE82C461FCB003FEE42 /* PrivacyInfo.xcprivacy */; };
		593B7AEA2C461FCB003FEE42 /* PrivacyInfo.xcprivacy in Resources */ = {isa = PBXBuildFile; fileRef = 593B7AE82C461FCB003FEE42 /* PrivacyInfo.xcprivacy */; };
		593B7AEB2C461FCB003FEE42 /* PrivacyInfo.xcprivacy in Resources */ = {isa = PBXBuildFile; fileRef = 593B7AE82C461FCB003FEE42 /* PrivacyInfo.xcprivacy */; };
		593E1C832C45CC7D00D8C0AC /* InfoView.swift in Sources */ = {isa = PBXBuildFile; fileRef = 593E1C822C45CC7D00D8C0AC /* InfoView.swift */; };
		5946444F2C13722800F47784 /* Filters.swift in Sources */ = {isa = PBXBuildFile; fileRef = 5946444E2C13722800F47784 /* Filters.swift */; };
		5972DD992C32D0E1001FB802 /* ToggleViewedIntent.swift in Sources */ = {isa = PBXBuildFile; fileRef = 5972DD982C32D0E1001FB802 /* ToggleViewedIntent.swift */; };
		5978256E2C23926400BC86FF /* ItemView.swift in Sources */ = {isa = PBXBuildFile; fileRef = 5978256D2C23926400BC86FF /* ItemView.swift */; };
		597A7F4B2C31274B00891DCA /* Base in Resources */ = {isa = PBXBuildFile; fileRef = 597A7F4A2C31274B00891DCA /* Base */; };
		597A7F4F2C31274B00891DCA /* MementoShare.appex in Embed Foundation Extensions */ = {isa = PBXBuildFile; fileRef = 597A7F452C31274B00891DCA /* MementoShare.appex */; platformFilter = ios; settings = {ATTRIBUTES = (RemoveHeadersOnCopy, ); }; };
		597A7F582C31282E00891DCA /* ShareViewController.swift in Sources */ = {isa = PBXBuildFile; fileRef = 597A7F572C31282E00891DCA /* ShareViewController.swift */; };
		597A7F592C31284D00891DCA /* ConfigureModelContainer.swift in Sources */ = {isa = PBXBuildFile; fileRef = 5992D2382C069E2700E643A2 /* ConfigureModelContainer.swift */; };
		597A7F5B2C31286600891DCA /* ShareView.swift in Sources */ = {isa = PBXBuildFile; fileRef = 597A7F5A2C31286600891DCA /* ShareView.swift */; };
		597A7F5C2C31289200891DCA /* FetchMetadata.swift in Sources */ = {isa = PBXBuildFile; fileRef = 598F53B92C096D2500362AB5 /* FetchMetadata.swift */; };
		597A7F632C3128AF00891DCA /* Item.swift in Sources */ = {isa = PBXBuildFile; fileRef = 59BFB2362BFCFAE5008B6EA8 /* Item.swift */; };
		597A7F642C3128B100891DCA /* ItemEntity.swift in Sources */ = {isa = PBXBuildFile; fileRef = 59E7BE3C2C1AB6280091BFEF /* ItemEntity.swift */; };
		597A7F652C3128B300891DCA /* ItemEntityQuery.swift in Sources */ = {isa = PBXBuildFile; fileRef = 59E7BE3E2C1AB6530091BFEF /* ItemEntityQuery.swift */; };
		597A7F662C3128BC00891DCA /* CodableLinkMetadata.swift in Sources */ = {isa = PBXBuildFile; fileRef = 598F53B52C096A4A00362AB5 /* CodableLinkMetadata.swift */; };
		597A7F6C2C31292E00891DCA /* WidgetKit.framework in Frameworks */ = {isa = PBXBuildFile; fileRef = 59A076762C161ECC0050D90F /* WidgetKit.framework */; };
		597A7F6D2C31292E00891DCA /* SwiftUI.framework in Frameworks */ = {isa = PBXBuildFile; fileRef = 59A076782C161ECC0050D90F /* SwiftUI.framework */; };
		597A7F702C31292E00891DCA /* MementoWidgetBundle.swift in Sources */ = {isa = PBXBuildFile; fileRef = 597A7F6F2C31292E00891DCA /* MementoWidgetBundle.swift */; };
		597A7F722C31292E00891DCA /* MementoWidget.swift in Sources */ = {isa = PBXBuildFile; fileRef = 597A7F712C31292E00891DCA /* MementoWidget.swift */; };
		597A7F742C31292F00891DCA /* Assets.xcassets in Resources */ = {isa = PBXBuildFile; fileRef = 597A7F732C31292F00891DCA /* Assets.xcassets */; };
		597A7F792C31292F00891DCA /* MementoWidgetExtension.appex in Embed Foundation Extensions */ = {isa = PBXBuildFile; fileRef = 597A7F6B2C31292E00891DCA /* MementoWidgetExtension.appex */; settings = {ATTRIBUTES = (RemoveHeadersOnCopy, ); }; };
		597A7F822C3129A700891DCA /* Item.swift in Sources */ = {isa = PBXBuildFile; fileRef = 59BFB2362BFCFAE5008B6EA8 /* Item.swift */; };
		597A7F832C3129A900891DCA /* ItemEntity.swift in Sources */ = {isa = PBXBuildFile; fileRef = 59E7BE3C2C1AB6280091BFEF /* ItemEntity.swift */; };
		597A7F842C3129AB00891DCA /* ItemEntityQuery.swift in Sources */ = {isa = PBXBuildFile; fileRef = 59E7BE3E2C1AB6530091BFEF /* ItemEntityQuery.swift */; };
		597A7F852C3129AD00891DCA /* CodableLinkMetadata.swift in Sources */ = {isa = PBXBuildFile; fileRef = 598F53B52C096A4A00362AB5 /* CodableLinkMetadata.swift */; };
		597A7F862C3129B000891DCA /* Filters.swift in Sources */ = {isa = PBXBuildFile; fileRef = 5946444E2C13722800F47784 /* Filters.swift */; };
		597A7F872C3129B100891DCA /* Filters.swift in Sources */ = {isa = PBXBuildFile; fileRef = 5946444E2C13722800F47784 /* Filters.swift */; };
		597A7F892C3129BD00891DCA /* FetchMetadata.swift in Sources */ = {isa = PBXBuildFile; fileRef = 598F53B92C096D2500362AB5 /* FetchMetadata.swift */; };
		597A7F8A2C3129C000891DCA /* ConfigureModelContainer.swift in Sources */ = {isa = PBXBuildFile; fileRef = 5992D2382C069E2700E643A2 /* ConfigureModelContainer.swift */; };
		59899A3B2C015B8400470E42 /* AddView.swift in Sources */ = {isa = PBXBuildFile; fileRef = 59899A3A2C015B8400470E42 /* AddView.swift */; };
		59899A3E2C015D1D00470E42 /* ListViewModel.swift in Sources */ = {isa = PBXBuildFile; fileRef = 59899A3D2C015D1D00470E42 /* ListViewModel.swift */; };
		598F53B62C096A4A00362AB5 /* CodableLinkMetadata.swift in Sources */ = {isa = PBXBuildFile; fileRef = 598F53B52C096A4A00362AB5 /* CodableLinkMetadata.swift */; };
		598F53BA2C096D2500362AB5 /* FetchMetadata.swift in Sources */ = {isa = PBXBuildFile; fileRef = 598F53B92C096D2500362AB5 /* FetchMetadata.swift */; };
		5992D2392C069E2700E643A2 /* ConfigureModelContainer.swift in Sources */ = {isa = PBXBuildFile; fileRef = 5992D2382C069E2700E643A2 /* ConfigureModelContainer.swift */; };
		599593712C4893B000E014DD /* ListView.swift in Sources */ = {isa = PBXBuildFile; fileRef = 599593702C4893B000E014DD /* ListView.swift */; };
		59AA75902C1E5B7800313B7F /* SaveLinkIntent.swift in Sources */ = {isa = PBXBuildFile; fileRef = 59AA758F2C1E5B7800313B7F /* SaveLinkIntent.swift */; };
		59B4D2D82C34623F0045CAA1 /* OpenItemIntent.swift in Sources */ = {isa = PBXBuildFile; fileRef = 59B4D2D72C34623F0045CAA1 /* OpenItemIntent.swift */; };
		59BD681E2C34CFEE00141362 /* UpdateAll.swift in Sources */ = {isa = PBXBuildFile; fileRef = 59BD681D2C34CFEE00141362 /* UpdateAll.swift */; };
		59BD681F2C34CFEE00141362 /* UpdateAll.swift in Sources */ = {isa = PBXBuildFile; fileRef = 59BD681D2C34CFEE00141362 /* UpdateAll.swift */; };
		59BD68202C34CFEE00141362 /* UpdateAll.swift in Sources */ = {isa = PBXBuildFile; fileRef = 59BD681D2C34CFEE00141362 /* UpdateAll.swift */; };
		59BD68212C34D07900141362 /* DeleteItemIntent.swift in Sources */ = {isa = PBXBuildFile; fileRef = 59BE70002C20C9CC00F17829 /* DeleteItemIntent.swift */; };
		59BD68222C34D1ED00141362 /* ItemViewedIntent.swift in Sources */ = {isa = PBXBuildFile; fileRef = 59E7BE452C1B77F00091BFEF /* ItemViewedIntent.swift */; };
		59BDF9662C46DC8800961C86 /* Settings.bundle in Resources */ = {isa = PBXBuildFile; fileRef = 59BDF9652C46DC8800961C86 /* Settings.bundle */; };
		59BE70012C20C9CC00F17829 /* DeleteItemIntent.swift in Sources */ = {isa = PBXBuildFile; fileRef = 59BE70002C20C9CC00F17829 /* DeleteItemIntent.swift */; };
		59BFB2332BFCFAE5008B6EA8 /* MementoApp.swift in Sources */ = {isa = PBXBuildFile; fileRef = 59BFB2322BFCFAE5008B6EA8 /* MementoApp.swift */; };
		59BFB2372BFCFAE5008B6EA8 /* Item.swift in Sources */ = {isa = PBXBuildFile; fileRef = 59BFB2362BFCFAE5008B6EA8 /* Item.swift */; };
		59BFB2392BFCFAE6008B6EA8 /* Assets.xcassets in Resources */ = {isa = PBXBuildFile; fileRef = 59BFB2382BFCFAE6008B6EA8 /* Assets.xcassets */; };
		59BFB2462BFCFAE6008B6EA8 /* MementoTests.swift in Sources */ = {isa = PBXBuildFile; fileRef = 59BFB2452BFCFAE6008B6EA8 /* MementoTests.swift */; };
		59BFB2502BFCFAE6008B6EA8 /* MementoUITests.swift in Sources */ = {isa = PBXBuildFile; fileRef = 59BFB24F2BFCFAE6008B6EA8 /* MementoUITests.swift */; };
		59BFB2522BFCFAE6008B6EA8 /* MementoUITestsLaunchTests.swift in Sources */ = {isa = PBXBuildFile; fileRef = 59BFB2512BFCFAE6008B6EA8 /* MementoUITestsLaunchTests.swift */; };
		59C5069D2C291C390022B553 /* PasteLinkIntent.swift in Sources */ = {isa = PBXBuildFile; fileRef = 59C5069C2C291C390022B553 /* PasteLinkIntent.swift */; };
		59CEA23C2C2F6AE1009079E8 /* ContentView.swift in Sources */ = {isa = PBXBuildFile; fileRef = 59CEA23B2C2F6AE1009079E8 /* ContentView.swift */; };
		59CEA23E2C2F6C0F009079E8 /* ContentViewModel.swift in Sources */ = {isa = PBXBuildFile; fileRef = 59CEA23D2C2F6C0F009079E8 /* ContentViewModel.swift */; };
		59DF06A62C0439BF00457E4B /* AddViewModel.swift in Sources */ = {isa = PBXBuildFile; fileRef = 59DF06A52C0439BF00457E4B /* AddViewModel.swift */; };
		59E7BE3D2C1AB6280091BFEF /* ItemEntity.swift in Sources */ = {isa = PBXBuildFile; fileRef = 59E7BE3C2C1AB6280091BFEF /* ItemEntity.swift */; };
		59E7BE3F2C1AB6530091BFEF /* ItemEntityQuery.swift in Sources */ = {isa = PBXBuildFile; fileRef = 59E7BE3E2C1AB6530091BFEF /* ItemEntityQuery.swift */; };
		59E7BE462C1B77F00091BFEF /* ItemViewedIntent.swift in Sources */ = {isa = PBXBuildFile; fileRef = 59E7BE452C1B77F00091BFEF /* ItemViewedIntent.swift */; };
		59E7BE4E2C1D16470091BFEF /* MementoShortcuts.swift in Sources */ = {isa = PBXBuildFile; fileRef = 59E7BE4D2C1D16470091BFEF /* MementoShortcuts.swift */; };
		59FD4FE12C416FB800D5C18C /* SaveNoteIntent.swift in Sources */ = {isa = PBXBuildFile; fileRef = 59FD4FE02C416FB800D5C18C /* SaveNoteIntent.swift */; };
/* End PBXBuildFile section */

/* Begin PBXContainerItemProxy section */
		597A7F4D2C31274B00891DCA /* PBXContainerItemProxy */ = {
			isa = PBXContainerItemProxy;
			containerPortal = 59BFB2272BFCFAE5008B6EA8 /* Project object */;
			proxyType = 1;
			remoteGlobalIDString = 597A7F442C31274B00891DCA;
			remoteInfo = MementoShare;
		};
		597A7F772C31292F00891DCA /* PBXContainerItemProxy */ = {
			isa = PBXContainerItemProxy;
			containerPortal = 59BFB2272BFCFAE5008B6EA8 /* Project object */;
			proxyType = 1;
			remoteGlobalIDString = 597A7F6A2C31292E00891DCA;
			remoteInfo = MementoWidgetExtension;
		};
		59BFB2422BFCFAE6008B6EA8 /* PBXContainerItemProxy */ = {
			isa = PBXContainerItemProxy;
			containerPortal = 59BFB2272BFCFAE5008B6EA8 /* Project object */;
			proxyType = 1;
			remoteGlobalIDString = 59BFB22E2BFCFAE5008B6EA8;
			remoteInfo = Memento;
		};
		59BFB24C2BFCFAE6008B6EA8 /* PBXContainerItemProxy */ = {
			isa = PBXContainerItemProxy;
			containerPortal = 59BFB2272BFCFAE5008B6EA8 /* Project object */;
			proxyType = 1;
			remoteGlobalIDString = 59BFB22E2BFCFAE5008B6EA8;
			remoteInfo = Memento;
		};
/* End PBXContainerItemProxy section */

/* Begin PBXCopyFilesBuildPhase section */
		597A7F3D2C30D3B800891DCA /* Embed ExtensionKit Extensions */ = {
			isa = PBXCopyFilesBuildPhase;
			buildActionMask = 2147483647;
			dstPath = "$(EXTENSIONS_FOLDER_PATH)";
			dstSubfolderSpec = 16;
			files = (
			);
			name = "Embed ExtensionKit Extensions";
			runOnlyForDeploymentPostprocessing = 0;
		};
		59FC6A282BFECD1000D72FF2 /* Embed Foundation Extensions */ = {
			isa = PBXCopyFilesBuildPhase;
			buildActionMask = 2147483647;
			dstPath = "";
			dstSubfolderSpec = 13;
			files = (
				597A7F792C31292F00891DCA /* MementoWidgetExtension.appex in Embed Foundation Extensions */,
				597A7F4F2C31274B00891DCA /* MementoShare.appex in Embed Foundation Extensions */,
			);
			name = "Embed Foundation Extensions";
			runOnlyForDeploymentPostprocessing = 0;
		};
/* End PBXCopyFilesBuildPhase section */

/* Begin PBXFileReference section */
		592F04082C3C7A0A00C1CA84 /* DetailView.swift */ = {isa = PBXFileReference; lastKnownFileType = sourcecode.swift; path = DetailView.swift; sourceTree = "<group>"; };
		593B7AE82C461FCB003FEE42 /* PrivacyInfo.xcprivacy */ = {isa = PBXFileReference; lastKnownFileType = text.xml; path = PrivacyInfo.xcprivacy; sourceTree = "<group>"; };
		593E1C822C45CC7D00D8C0AC /* InfoView.swift */ = {isa = PBXFileReference; lastKnownFileType = sourcecode.swift; path = InfoView.swift; sourceTree = "<group>"; };
		5946444E2C13722800F47784 /* Filters.swift */ = {isa = PBXFileReference; lastKnownFileType = sourcecode.swift; path = Filters.swift; sourceTree = "<group>"; };
		59632F292C312CAA008E09A4 /* MementoShare.entitlements */ = {isa = PBXFileReference; lastKnownFileType = text.plist.entitlements; path = MementoShare.entitlements; sourceTree = "<group>"; };
		5972DD982C32D0E1001FB802 /* ToggleViewedIntent.swift */ = {isa = PBXFileReference; lastKnownFileType = sourcecode.swift; path = ToggleViewedIntent.swift; sourceTree = "<group>"; };
		5978256D2C23926400BC86FF /* ItemView.swift */ = {isa = PBXFileReference; lastKnownFileType = sourcecode.swift; path = ItemView.swift; sourceTree = "<group>"; };
		597A7F452C31274B00891DCA /* MementoShare.appex */ = {isa = PBXFileReference; explicitFileType = "wrapper.app-extension"; includeInIndex = 0; path = MementoShare.appex; sourceTree = BUILT_PRODUCTS_DIR; };
		597A7F4A2C31274B00891DCA /* Base */ = {isa = PBXFileReference; lastKnownFileType = file.storyboard; name = Base; path = Base.lproj/MainInterface.storyboard; sourceTree = "<group>"; };
		597A7F4C2C31274B00891DCA /* Info.plist */ = {isa = PBXFileReference; lastKnownFileType = text.plist.xml; path = Info.plist; sourceTree = "<group>"; };
		597A7F572C31282E00891DCA /* ShareViewController.swift */ = {isa = PBXFileReference; lastKnownFileType = sourcecode.swift; path = ShareViewController.swift; sourceTree = "<group>"; };
		597A7F5A2C31286600891DCA /* ShareView.swift */ = {isa = PBXFileReference; lastKnownFileType = sourcecode.swift; path = ShareView.swift; sourceTree = "<group>"; };
		597A7F6B2C31292E00891DCA /* MementoWidgetExtension.appex */ = {isa = PBXFileReference; explicitFileType = "wrapper.app-extension"; includeInIndex = 0; path = MementoWidgetExtension.appex; sourceTree = BUILT_PRODUCTS_DIR; };
		597A7F6F2C31292E00891DCA /* MementoWidgetBundle.swift */ = {isa = PBXFileReference; lastKnownFileType = sourcecode.swift; path = MementoWidgetBundle.swift; sourceTree = "<group>"; };
		597A7F712C31292E00891DCA /* MementoWidget.swift */ = {isa = PBXFileReference; lastKnownFileType = sourcecode.swift; path = MementoWidget.swift; sourceTree = "<group>"; };
		597A7F732C31292F00891DCA /* Assets.xcassets */ = {isa = PBXFileReference; lastKnownFileType = folder.assetcatalog; path = Assets.xcassets; sourceTree = "<group>"; };
		597A7F752C31292F00891DCA /* Info.plist */ = {isa = PBXFileReference; lastKnownFileType = text.plist.xml; path = Info.plist; sourceTree = "<group>"; };
		597A7F762C31292F00891DCA /* MementoWidget.entitlements */ = {isa = PBXFileReference; lastKnownFileType = text.plist.entitlements; path = MementoWidget.entitlements; sourceTree = "<group>"; };
		59899A3A2C015B8400470E42 /* AddView.swift */ = {isa = PBXFileReference; lastKnownFileType = sourcecode.swift; path = AddView.swift; sourceTree = "<group>"; };
		59899A3D2C015D1D00470E42 /* ListViewModel.swift */ = {isa = PBXFileReference; lastKnownFileType = sourcecode.swift; path = ListViewModel.swift; sourceTree = "<group>"; };
		598F53AD2C06AFBA00362AB5 /* Info.plist */ = {isa = PBXFileReference; lastKnownFileType = text.plist; path = Info.plist; sourceTree = "<group>"; };
		598F53AE2C06BE3000362AB5 /* Memento.entitlements */ = {isa = PBXFileReference; lastKnownFileType = text.plist.entitlements; path = Memento.entitlements; sourceTree = "<group>"; };
		598F53B52C096A4A00362AB5 /* CodableLinkMetadata.swift */ = {isa = PBXFileReference; lastKnownFileType = sourcecode.swift; path = CodableLinkMetadata.swift; sourceTree = "<group>"; };
		598F53B92C096D2500362AB5 /* FetchMetadata.swift */ = {isa = PBXFileReference; lastKnownFileType = sourcecode.swift; path = FetchMetadata.swift; sourceTree = "<group>"; };
		5992D2382C069E2700E643A2 /* ConfigureModelContainer.swift */ = {isa = PBXFileReference; lastKnownFileType = sourcecode.swift; path = ConfigureModelContainer.swift; sourceTree = "<group>"; };
		599593702C4893B000E014DD /* ListView.swift */ = {isa = PBXFileReference; lastKnownFileType = sourcecode.swift; path = ListView.swift; sourceTree = "<group>"; };
		59A076762C161ECC0050D90F /* WidgetKit.framework */ = {isa = PBXFileReference; lastKnownFileType = wrapper.framework; name = WidgetKit.framework; path = System/Library/Frameworks/WidgetKit.framework; sourceTree = SDKROOT; };
		59A076782C161ECC0050D90F /* SwiftUI.framework */ = {isa = PBXFileReference; lastKnownFileType = wrapper.framework; name = SwiftUI.framework; path = System/Library/Frameworks/SwiftUI.framework; sourceTree = SDKROOT; };
		59AA758F2C1E5B7800313B7F /* SaveLinkIntent.swift */ = {isa = PBXFileReference; lastKnownFileType = sourcecode.swift; path = SaveLinkIntent.swift; sourceTree = "<group>"; };
		59B4D2D72C34623F0045CAA1 /* OpenItemIntent.swift */ = {isa = PBXFileReference; lastKnownFileType = sourcecode.swift; path = OpenItemIntent.swift; sourceTree = "<group>"; };
		59BD681D2C34CFEE00141362 /* UpdateAll.swift */ = {isa = PBXFileReference; lastKnownFileType = sourcecode.swift; path = UpdateAll.swift; sourceTree = "<group>"; };
		59BDF9652C46DC8800961C86 /* Settings.bundle */ = {isa = PBXFileReference; lastKnownFileType = "wrapper.plug-in"; path = Settings.bundle; sourceTree = "<group>"; };
		59BE70002C20C9CC00F17829 /* DeleteItemIntent.swift */ = {isa = PBXFileReference; lastKnownFileType = sourcecode.swift; path = DeleteItemIntent.swift; sourceTree = "<group>"; };
		59BFB22F2BFCFAE5008B6EA8 /* Memento.app */ = {isa = PBXFileReference; explicitFileType = wrapper.application; includeInIndex = 0; path = Memento.app; sourceTree = BUILT_PRODUCTS_DIR; };
		59BFB2322BFCFAE5008B6EA8 /* MementoApp.swift */ = {isa = PBXFileReference; lastKnownFileType = sourcecode.swift; path = MementoApp.swift; sourceTree = "<group>"; };
		59BFB2362BFCFAE5008B6EA8 /* Item.swift */ = {isa = PBXFileReference; lastKnownFileType = sourcecode.swift; path = Item.swift; sourceTree = "<group>"; };
		59BFB2382BFCFAE6008B6EA8 /* Assets.xcassets */ = {isa = PBXFileReference; lastKnownFileType = folder.assetcatalog; path = Assets.xcassets; sourceTree = "<group>"; };
		59BFB2412BFCFAE6008B6EA8 /* MementoTests.xctest */ = {isa = PBXFileReference; explicitFileType = wrapper.cfbundle; includeInIndex = 0; path = MementoTests.xctest; sourceTree = BUILT_PRODUCTS_DIR; };
		59BFB2452BFCFAE6008B6EA8 /* MementoTests.swift */ = {isa = PBXFileReference; lastKnownFileType = sourcecode.swift; path = MementoTests.swift; sourceTree = "<group>"; };
		59BFB24B2BFCFAE6008B6EA8 /* MementoUITests.xctest */ = {isa = PBXFileReference; explicitFileType = wrapper.cfbundle; includeInIndex = 0; path = MementoUITests.xctest; sourceTree = BUILT_PRODUCTS_DIR; };
		59BFB24F2BFCFAE6008B6EA8 /* MementoUITests.swift */ = {isa = PBXFileReference; lastKnownFileType = sourcecode.swift; path = MementoUITests.swift; sourceTree = "<group>"; };
		59BFB2512BFCFAE6008B6EA8 /* MementoUITestsLaunchTests.swift */ = {isa = PBXFileReference; lastKnownFileType = sourcecode.swift; path = MementoUITestsLaunchTests.swift; sourceTree = "<group>"; };
		59C5069C2C291C390022B553 /* PasteLinkIntent.swift */ = {isa = PBXFileReference; lastKnownFileType = sourcecode.swift; path = PasteLinkIntent.swift; sourceTree = "<group>"; };
		59CEA23B2C2F6AE1009079E8 /* ContentView.swift */ = {isa = PBXFileReference; lastKnownFileType = sourcecode.swift; path = ContentView.swift; sourceTree = "<group>"; };
		59CEA23D2C2F6C0F009079E8 /* ContentViewModel.swift */ = {isa = PBXFileReference; lastKnownFileType = sourcecode.swift; path = ContentViewModel.swift; sourceTree = "<group>"; };
		59DF06A52C0439BF00457E4B /* AddViewModel.swift */ = {isa = PBXFileReference; lastKnownFileType = sourcecode.swift; path = AddViewModel.swift; sourceTree = "<group>"; };
		59E7BE3C2C1AB6280091BFEF /* ItemEntity.swift */ = {isa = PBXFileReference; lastKnownFileType = sourcecode.swift; path = ItemEntity.swift; sourceTree = "<group>"; };
		59E7BE3E2C1AB6530091BFEF /* ItemEntityQuery.swift */ = {isa = PBXFileReference; lastKnownFileType = sourcecode.swift; path = ItemEntityQuery.swift; sourceTree = "<group>"; };
		59E7BE452C1B77F00091BFEF /* ItemViewedIntent.swift */ = {isa = PBXFileReference; lastKnownFileType = sourcecode.swift; path = ItemViewedIntent.swift; sourceTree = "<group>"; };
		59E7BE4D2C1D16470091BFEF /* MementoShortcuts.swift */ = {isa = PBXFileReference; lastKnownFileType = sourcecode.swift; path = MementoShortcuts.swift; sourceTree = "<group>"; };
		59FD4FE02C416FB800D5C18C /* SaveNoteIntent.swift */ = {isa = PBXFileReference; lastKnownFileType = sourcecode.swift; path = SaveNoteIntent.swift; sourceTree = "<group>"; };
/* End PBXFileReference section */

/* Begin PBXFrameworksBuildPhase section */
		597A7F422C31274B00891DCA /* Frameworks */ = {
			isa = PBXFrameworksBuildPhase;
			buildActionMask = 2147483647;
			files = (
			);
			runOnlyForDeploymentPostprocessing = 0;
		};
		597A7F682C31292E00891DCA /* Frameworks */ = {
			isa = PBXFrameworksBuildPhase;
			buildActionMask = 2147483647;
			files = (
				597A7F6D2C31292E00891DCA /* SwiftUI.framework in Frameworks */,
				597A7F6C2C31292E00891DCA /* WidgetKit.framework in Frameworks */,
			);
			runOnlyForDeploymentPostprocessing = 0;
		};
		59BFB22C2BFCFAE5008B6EA8 /* Frameworks */ = {
			isa = PBXFrameworksBuildPhase;
			buildActionMask = 2147483647;
			files = (
			);
			runOnlyForDeploymentPostprocessing = 0;
		};
		59BFB23E2BFCFAE6008B6EA8 /* Frameworks */ = {
			isa = PBXFrameworksBuildPhase;
			buildActionMask = 2147483647;
			files = (
			);
			runOnlyForDeploymentPostprocessing = 0;
		};
		59BFB2482BFCFAE6008B6EA8 /* Frameworks */ = {
			isa = PBXFrameworksBuildPhase;
			buildActionMask = 2147483647;
			files = (
			);
			runOnlyForDeploymentPostprocessing = 0;
		};
/* End PBXFrameworksBuildPhase section */

/* Begin PBXGroup section */
		597A7F462C31274B00891DCA /* MementoShare */ = {
			isa = PBXGroup;
			children = (
				59632F292C312CAA008E09A4 /* MementoShare.entitlements */,
				597A7F572C31282E00891DCA /* ShareViewController.swift */,
				597A7F5A2C31286600891DCA /* ShareView.swift */,
				597A7F492C31274B00891DCA /* MainInterface.storyboard */,
				597A7F4C2C31274B00891DCA /* Info.plist */,
			);
			path = MementoShare;
			sourceTree = "<group>";
		};
		597A7F6E2C31292E00891DCA /* MementoWidget */ = {
			isa = PBXGroup;
			children = (
				597A7F6F2C31292E00891DCA /* MementoWidgetBundle.swift */,
				597A7F712C31292E00891DCA /* MementoWidget.swift */,
				597A7F732C31292F00891DCA /* Assets.xcassets */,
				597A7F752C31292F00891DCA /* Info.plist */,
				597A7F762C31292F00891DCA /* MementoWidget.entitlements */,
			);
			path = MementoWidget;
			sourceTree = "<group>";
		};
		59899A3C2C015D0D00470E42 /* ViewModels */ = {
			isa = PBXGroup;
			children = (
				59CEA23D2C2F6C0F009079E8 /* ContentViewModel.swift */,
				59899A3D2C015D1D00470E42 /* ListViewModel.swift */,
				59DF06A52C0439BF00457E4B /* AddViewModel.swift */,
			);
			path = ViewModels;
			sourceTree = "<group>";
		};
		5992D2372C069E1700E643A2 /* Functions */ = {
			isa = PBXGroup;
			children = (
				5992D2382C069E2700E643A2 /* ConfigureModelContainer.swift */,
				598F53B92C096D2500362AB5 /* FetchMetadata.swift */,
				59BD681D2C34CFEE00141362 /* UpdateAll.swift */,
			);
			path = Functions;
			sourceTree = "<group>";
		};
		59A076752C161ECC0050D90F /* Frameworks */ = {
			isa = PBXGroup;
			children = (
				59A076762C161ECC0050D90F /* WidgetKit.framework */,
				59A076782C161ECC0050D90F /* SwiftUI.framework */,
			);
			name = Frameworks;
			sourceTree = "<group>";
		};
		59BFB2262BFCFAE5008B6EA8 = {
			isa = PBXGroup;
			children = (
				59BFB2312BFCFAE5008B6EA8 /* Memento */,
				59BFB2442BFCFAE6008B6EA8 /* MementoTests */,
				59BFB24E2BFCFAE6008B6EA8 /* MementoUITests */,
				597A7F462C31274B00891DCA /* MementoShare */,
				597A7F6E2C31292E00891DCA /* MementoWidget */,
				59A076752C161ECC0050D90F /* Frameworks */,
				59BFB2302BFCFAE5008B6EA8 /* Products */,
			);
			sourceTree = "<group>";
		};
		59BFB2302BFCFAE5008B6EA8 /* Products */ = {
			isa = PBXGroup;
			children = (
				59BFB22F2BFCFAE5008B6EA8 /* Memento.app */,
				59BFB2412BFCFAE6008B6EA8 /* MementoTests.xctest */,
				59BFB24B2BFCFAE6008B6EA8 /* MementoUITests.xctest */,
				597A7F452C31274B00891DCA /* MementoShare.appex */,
				597A7F6B2C31292E00891DCA /* MementoWidgetExtension.appex */,
			);
			name = Products;
			sourceTree = "<group>";
		};
		59BFB2312BFCFAE5008B6EA8 /* Memento */ = {
			isa = PBXGroup;
			children = (
				59BFB2322BFCFAE5008B6EA8 /* MementoApp.swift */,
				59899A3C2C015D0D00470E42 /* ViewModels */,
				59FC6A442BFEE22300D72FF2 /* Views */,
				5992D2372C069E1700E643A2 /* Functions */,
				59FC6A452BFEE23D00D72FF2 /* Models */,
				59E7BE442C1B76160091BFEF /* Intents */,
				59BDF9652C46DC8800961C86 /* Settings.bundle */,
				59BFB2382BFCFAE6008B6EA8 /* Assets.xcassets */,
				598F53AE2C06BE3000362AB5 /* Memento.entitlements */,
				598F53AD2C06AFBA00362AB5 /* Info.plist */,
				593B7AE82C461FCB003FEE42 /* PrivacyInfo.xcprivacy */,
			);
			path = Memento;
			sourceTree = "<group>";
		};
		59BFB2442BFCFAE6008B6EA8 /* MementoTests */ = {
			isa = PBXGroup;
			children = (
				59BFB2452BFCFAE6008B6EA8 /* MementoTests.swift */,
			);
			path = MementoTests;
			sourceTree = "<group>";
		};
		59BFB24E2BFCFAE6008B6EA8 /* MementoUITests */ = {
			isa = PBXGroup;
			children = (
				59BFB24F2BFCFAE6008B6EA8 /* MementoUITests.swift */,
				59BFB2512BFCFAE6008B6EA8 /* MementoUITestsLaunchTests.swift */,
			);
			path = MementoUITests;
			sourceTree = "<group>";
		};
		59E7BE3B2C1AB6120091BFEF /* Item */ = {
			isa = PBXGroup;
			children = (
				59BFB2362BFCFAE5008B6EA8 /* Item.swift */,
				59E7BE3C2C1AB6280091BFEF /* ItemEntity.swift */,
				59E7BE3E2C1AB6530091BFEF /* ItemEntityQuery.swift */,
			);
			path = Item;
			sourceTree = "<group>";
		};
		59E7BE442C1B76160091BFEF /* Intents */ = {
			isa = PBXGroup;
			children = (
				59E7BE4D2C1D16470091BFEF /* MementoShortcuts.swift */,
				59B4D2D72C34623F0045CAA1 /* OpenItemIntent.swift */,
				59E7BE452C1B77F00091BFEF /* ItemViewedIntent.swift */,
				5972DD982C32D0E1001FB802 /* ToggleViewedIntent.swift */,
				59BE70002C20C9CC00F17829 /* DeleteItemIntent.swift */,
				59FD4FE02C416FB800D5C18C /* SaveNoteIntent.swift */,
				59AA758F2C1E5B7800313B7F /* SaveLinkIntent.swift */,
				59C5069C2C291C390022B553 /* PasteLinkIntent.swift */,
			);
			path = Intents;
			sourceTree = "<group>";
		};
		59FC6A442BFEE22300D72FF2 /* Views */ = {
			isa = PBXGroup;
			children = (
				59CEA23B2C2F6AE1009079E8 /* ContentView.swift */,
				599593702C4893B000E014DD /* ListView.swift */,
				59899A3A2C015B8400470E42 /* AddView.swift */,
				5978256D2C23926400BC86FF /* ItemView.swift */,
				592F04082C3C7A0A00C1CA84 /* DetailView.swift */,
				593E1C822C45CC7D00D8C0AC /* InfoView.swift */,
			);
			path = Views;
			sourceTree = "<group>";
		};
		59FC6A452BFEE23D00D72FF2 /* Models */ = {
			isa = PBXGroup;
			children = (
				59E7BE3B2C1AB6120091BFEF /* Item */,
				598F53B52C096A4A00362AB5 /* CodableLinkMetadata.swift */,
				5946444E2C13722800F47784 /* Filters.swift */,
			);
			path = Models;
			sourceTree = "<group>";
		};
/* End PBXGroup section */

/* Begin PBXNativeTarget section */
		597A7F442C31274B00891DCA /* MementoShare */ = {
			isa = PBXNativeTarget;
			buildConfigurationList = 597A7F502C31274B00891DCA /* Build configuration list for PBXNativeTarget "MementoShare" */;
			buildPhases = (
				597A7F412C31274B00891DCA /* Sources */,
				597A7F422C31274B00891DCA /* Frameworks */,
				597A7F432C31274B00891DCA /* Resources */,
			);
			buildRules = (
			);
			dependencies = (
			);
			name = MementoShare;
			productName = MementoShare;
			productReference = 597A7F452C31274B00891DCA /* MementoShare.appex */;
			productType = "com.apple.product-type.app-extension";
		};
		597A7F6A2C31292E00891DCA /* MementoWidgetExtension */ = {
			isa = PBXNativeTarget;
			buildConfigurationList = 597A7F7A2C31292F00891DCA /* Build configuration list for PBXNativeTarget "MementoWidgetExtension" */;
			buildPhases = (
				597A7F672C31292E00891DCA /* Sources */,
				597A7F682C31292E00891DCA /* Frameworks */,
				597A7F692C31292E00891DCA /* Resources */,
			);
			buildRules = (
			);
			dependencies = (
			);
			name = MementoWidgetExtension;
			productName = MementoWidgetExtension;
			productReference = 597A7F6B2C31292E00891DCA /* MementoWidgetExtension.appex */;
			productType = "com.apple.product-type.app-extension";
		};
		59BFB22E2BFCFAE5008B6EA8 /* Memento */ = {
			isa = PBXNativeTarget;
			buildConfigurationList = 59BFB2552BFCFAE6008B6EA8 /* Build configuration list for PBXNativeTarget "Memento" */;
			buildPhases = (
				59BFB22B2BFCFAE5008B6EA8 /* Sources */,
				59BFB22C2BFCFAE5008B6EA8 /* Frameworks */,
				59BFB22D2BFCFAE5008B6EA8 /* Resources */,
				59FC6A282BFECD1000D72FF2 /* Embed Foundation Extensions */,
				597A7F3D2C30D3B800891DCA /* Embed ExtensionKit Extensions */,
			);
			buildRules = (
			);
			dependencies = (
				597A7F4E2C31274B00891DCA /* PBXTargetDependency */,
				597A7F782C31292F00891DCA /* PBXTargetDependency */,
			);
			name = Memento;
			productName = Memento;
			productReference = 59BFB22F2BFCFAE5008B6EA8 /* Memento.app */;
			productType = "com.apple.product-type.application";
		};
		59BFB2402BFCFAE6008B6EA8 /* MementoTests */ = {
			isa = PBXNativeTarget;
			buildConfigurationList = 59BFB2582BFCFAE6008B6EA8 /* Build configuration list for PBXNativeTarget "MementoTests" */;
			buildPhases = (
				59BFB23D2BFCFAE6008B6EA8 /* Sources */,
				59BFB23E2BFCFAE6008B6EA8 /* Frameworks */,
				59BFB23F2BFCFAE6008B6EA8 /* Resources */,
			);
			buildRules = (
			);
			dependencies = (
				59BFB2432BFCFAE6008B6EA8 /* PBXTargetDependency */,
			);
			name = MementoTests;
			productName = MementoTests;
			productReference = 59BFB2412BFCFAE6008B6EA8 /* MementoTests.xctest */;
			productType = "com.apple.product-type.bundle.unit-test";
		};
		59BFB24A2BFCFAE6008B6EA8 /* MementoUITests */ = {
			isa = PBXNativeTarget;
			buildConfigurationList = 59BFB25B2BFCFAE6008B6EA8 /* Build configuration list for PBXNativeTarget "MementoUITests" */;
			buildPhases = (
				59BFB2472BFCFAE6008B6EA8 /* Sources */,
				59BFB2482BFCFAE6008B6EA8 /* Frameworks */,
				59BFB2492BFCFAE6008B6EA8 /* Resources */,
			);
			buildRules = (
			);
			dependencies = (
				59BFB24D2BFCFAE6008B6EA8 /* PBXTargetDependency */,
			);
			name = MementoUITests;
			productName = MementoUITests;
			productReference = 59BFB24B2BFCFAE6008B6EA8 /* MementoUITests.xctest */;
			productType = "com.apple.product-type.bundle.ui-testing";
		};
/* End PBXNativeTarget section */

/* Begin PBXProject section */
		59BFB2272BFCFAE5008B6EA8 /* Project object */ = {
			isa = PBXProject;
			attributes = {
				BuildIndependentTargetsInParallel = 1;
				LastSwiftUpdateCheck = 1540;
				LastUpgradeCheck = 1600;
				TargetAttributes = {
					597A7F442C31274B00891DCA = {
						CreatedOnToolsVersion = 15.4;
						LastSwiftMigration = 1540;
					};
					597A7F6A2C31292E00891DCA = {
						CreatedOnToolsVersion = 15.4;
					};
					59BFB22E2BFCFAE5008B6EA8 = {
						CreatedOnToolsVersion = 15.3;
					};
					59BFB2402BFCFAE6008B6EA8 = {
						CreatedOnToolsVersion = 15.3;
						TestTargetID = 59BFB22E2BFCFAE5008B6EA8;
					};
					59BFB24A2BFCFAE6008B6EA8 = {
						CreatedOnToolsVersion = 15.3;
						TestTargetID = 59BFB22E2BFCFAE5008B6EA8;
					};
				};
			};
			buildConfigurationList = 59BFB22A2BFCFAE5008B6EA8 /* Build configuration list for PBXProject "Memento" */;
			compatibilityVersion = "Xcode 14.0";
			developmentRegion = en;
			hasScannedForEncodings = 0;
			knownRegions = (
				en,
				Base,
			);
			mainGroup = 59BFB2262BFCFAE5008B6EA8;
			productRefGroup = 59BFB2302BFCFAE5008B6EA8 /* Products */;
			projectDirPath = "";
			projectRoot = "";
			targets = (
				59BFB22E2BFCFAE5008B6EA8 /* Memento */,
				59BFB2402BFCFAE6008B6EA8 /* MementoTests */,
				59BFB24A2BFCFAE6008B6EA8 /* MementoUITests */,
				597A7F442C31274B00891DCA /* MementoShare */,
				597A7F6A2C31292E00891DCA /* MementoWidgetExtension */,
			);
		};
/* End PBXProject section */

/* Begin PBXResourcesBuildPhase section */
		597A7F432C31274B00891DCA /* Resources */ = {
			isa = PBXResourcesBuildPhase;
			buildActionMask = 2147483647;
			files = (
				593B7AEB2C461FCB003FEE42 /* PrivacyInfo.xcprivacy in Resources */,
				597A7F4B2C31274B00891DCA /* Base in Resources */,
			);
			runOnlyForDeploymentPostprocessing = 0;
		};
		597A7F692C31292E00891DCA /* Resources */ = {
			isa = PBXResourcesBuildPhase;
			buildActionMask = 2147483647;
			files = (
				593B7AE92C461FCB003FEE42 /* PrivacyInfo.xcprivacy in Resources */,
				597A7F742C31292F00891DCA /* Assets.xcassets in Resources */,
			);
			runOnlyForDeploymentPostprocessing = 0;
		};
		59BFB22D2BFCFAE5008B6EA8 /* Resources */ = {
			isa = PBXResourcesBuildPhase;
			buildActionMask = 2147483647;
			files = (
				593B7AEA2C461FCB003FEE42 /* PrivacyInfo.xcprivacy in Resources */,
				59BDF9662C46DC8800961C86 /* Settings.bundle in Resources */,
				59BFB2392BFCFAE6008B6EA8 /* Assets.xcassets in Resources */,
			);
			runOnlyForDeploymentPostprocessing = 0;
		};
		59BFB23F2BFCFAE6008B6EA8 /* Resources */ = {
			isa = PBXResourcesBuildPhase;
			buildActionMask = 2147483647;
			files = (
			);
			runOnlyForDeploymentPostprocessing = 0;
		};
		59BFB2492BFCFAE6008B6EA8 /* Resources */ = {
			isa = PBXResourcesBuildPhase;
			buildActionMask = 2147483647;
			files = (
			);
			runOnlyForDeploymentPostprocessing = 0;
		};
/* End PBXResourcesBuildPhase section */

/* Begin PBXSourcesBuildPhase section */
		597A7F412C31274B00891DCA /* Sources */ = {
			isa = PBXSourcesBuildPhase;
			buildActionMask = 2147483647;
			files = (
				597A7F5B2C31286600891DCA /* ShareView.swift in Sources */,
				597A7F5C2C31289200891DCA /* FetchMetadata.swift in Sources */,
				597A7F592C31284D00891DCA /* ConfigureModelContainer.swift in Sources */,
				597A7F642C3128B100891DCA /* ItemEntity.swift in Sources */,
				597A7F652C3128B300891DCA /* ItemEntityQuery.swift in Sources */,
				597A7F872C3129B100891DCA /* Filters.swift in Sources */,
				597A7F632C3128AF00891DCA /* Item.swift in Sources */,
				597A7F582C31282E00891DCA /* ShareViewController.swift in Sources */,
				59BD68202C34CFEE00141362 /* UpdateAll.swift in Sources */,
				597A7F662C3128BC00891DCA /* CodableLinkMetadata.swift in Sources */,
			);
			runOnlyForDeploymentPostprocessing = 0;
		};
		597A7F672C31292E00891DCA /* Sources */ = {
			isa = PBXSourcesBuildPhase;
			buildActionMask = 2147483647;
			files = (
				597A7F892C3129BD00891DCA /* FetchMetadata.swift in Sources */,
				59BD68212C34D07900141362 /* DeleteItemIntent.swift in Sources */,
				59BD68222C34D1ED00141362 /* ItemViewedIntent.swift in Sources */,
				597A7F842C3129AB00891DCA /* ItemEntityQuery.swift in Sources */,
				597A7F832C3129A900891DCA /* ItemEntity.swift in Sources */,
				597A7F822C3129A700891DCA /* Item.swift in Sources */,
				597A7F852C3129AD00891DCA /* CodableLinkMetadata.swift in Sources */,
				597A7F8A2C3129C000891DCA /* ConfigureModelContainer.swift in Sources */,
				597A7F702C31292E00891DCA /* MementoWidgetBundle.swift in Sources */,
				59002F6B2C371F6600ED1191 /* OpenItemIntent.swift in Sources */,
				597A7F862C3129B000891DCA /* Filters.swift in Sources */,
				59BD681F2C34CFEE00141362 /* UpdateAll.swift in Sources */,
				597A7F722C31292E00891DCA /* MementoWidget.swift in Sources */,
			);
			runOnlyForDeploymentPostprocessing = 0;
		};
		59BFB22B2BFCFAE5008B6EA8 /* Sources */ = {
			isa = PBXSourcesBuildPhase;
			buildActionMask = 2147483647;
			files = (
				59E7BE4E2C1D16470091BFEF /* MementoShortcuts.swift in Sources */,
				592F04092C3C7A0A00C1CA84 /* DetailView.swift in Sources */,
				59BFB2372BFCFAE5008B6EA8 /* Item.swift in Sources */,
				59DF06A62C0439BF00457E4B /* AddViewModel.swift in Sources */,
				59C5069D2C291C390022B553 /* PasteLinkIntent.swift in Sources */,
				59899A3E2C015D1D00470E42 /* ListViewModel.swift in Sources */,
				59B4D2D82C34623F0045CAA1 /* OpenItemIntent.swift in Sources */,
				59E7BE3D2C1AB6280091BFEF /* ItemEntity.swift in Sources */,
				59E7BE3F2C1AB6530091BFEF /* ItemEntityQuery.swift in Sources */,
				59E7BE462C1B77F00091BFEF /* ItemViewedIntent.swift in Sources */,
				5946444F2C13722800F47784 /* Filters.swift in Sources */,
				5978256E2C23926400BC86FF /* ItemView.swift in Sources */,
				59BD681E2C34CFEE00141362 /* UpdateAll.swift in Sources */,
				59BFB2332BFCFAE5008B6EA8 /* MementoApp.swift in Sources */,
				599593712C4893B000E014DD /* ListView.swift in Sources */,
				59FD4FE12C416FB800D5C18C /* SaveNoteIntent.swift in Sources */,
				593E1C832C45CC7D00D8C0AC /* InfoView.swift in Sources */,
				598F53BA2C096D2500362AB5 /* FetchMetadata.swift in Sources */,
				59CEA23C2C2F6AE1009079E8 /* ContentView.swift in Sources */,
				59AA75902C1E5B7800313B7F /* SaveLinkIntent.swift in Sources */,
				59899A3B2C015B8400470E42 /* AddView.swift in Sources */,
				5992D2392C069E2700E643A2 /* ConfigureModelContainer.swift in Sources */,
				598F53B62C096A4A00362AB5 /* CodableLinkMetadata.swift in Sources */,
				59BE70012C20C9CC00F17829 /* DeleteItemIntent.swift in Sources */,
				59CEA23E2C2F6C0F009079E8 /* ContentViewModel.swift in Sources */,
				5972DD992C32D0E1001FB802 /* ToggleViewedIntent.swift in Sources */,
			);
			runOnlyForDeploymentPostprocessing = 0;
		};
		59BFB23D2BFCFAE6008B6EA8 /* Sources */ = {
			isa = PBXSourcesBuildPhase;
			buildActionMask = 2147483647;
			files = (
				59BFB2462BFCFAE6008B6EA8 /* MementoTests.swift in Sources */,
			);
			runOnlyForDeploymentPostprocessing = 0;
		};
		59BFB2472BFCFAE6008B6EA8 /* Sources */ = {
			isa = PBXSourcesBuildPhase;
			buildActionMask = 2147483647;
			files = (
				59BFB2522BFCFAE6008B6EA8 /* MementoUITestsLaunchTests.swift in Sources */,
				59BFB2502BFCFAE6008B6EA8 /* MementoUITests.swift in Sources */,
			);
			runOnlyForDeploymentPostprocessing = 0;
		};
/* End PBXSourcesBuildPhase section */

/* Begin PBXTargetDependency section */
		597A7F4E2C31274B00891DCA /* PBXTargetDependency */ = {
			isa = PBXTargetDependency;
			platformFilter = ios;
			target = 597A7F442C31274B00891DCA /* MementoShare */;
			targetProxy = 597A7F4D2C31274B00891DCA /* PBXContainerItemProxy */;
		};
		597A7F782C31292F00891DCA /* PBXTargetDependency */ = {
			isa = PBXTargetDependency;
			target = 597A7F6A2C31292E00891DCA /* MementoWidgetExtension */;
			targetProxy = 597A7F772C31292F00891DCA /* PBXContainerItemProxy */;
		};
		59BFB2432BFCFAE6008B6EA8 /* PBXTargetDependency */ = {
			isa = PBXTargetDependency;
			target = 59BFB22E2BFCFAE5008B6EA8 /* Memento */;
			targetProxy = 59BFB2422BFCFAE6008B6EA8 /* PBXContainerItemProxy */;
		};
		59BFB24D2BFCFAE6008B6EA8 /* PBXTargetDependency */ = {
			isa = PBXTargetDependency;
			target = 59BFB22E2BFCFAE5008B6EA8 /* Memento */;
			targetProxy = 59BFB24C2BFCFAE6008B6EA8 /* PBXContainerItemProxy */;
		};
/* End PBXTargetDependency section */

/* Begin PBXVariantGroup section */
		597A7F492C31274B00891DCA /* MainInterface.storyboard */ = {
			isa = PBXVariantGroup;
			children = (
				597A7F4A2C31274B00891DCA /* Base */,
			);
			name = MainInterface.storyboard;
			sourceTree = "<group>";
		};
/* End PBXVariantGroup section */

/* Begin XCBuildConfiguration section */
		597A7F512C31274B00891DCA /* Debug */ = {
			isa = XCBuildConfiguration;
			buildSettings = {
				CLANG_ENABLE_MODULES = YES;
				CODE_SIGN_ENTITLEMENTS = MementoShare/MementoShare.entitlements;
				CODE_SIGN_IDENTITY = "Apple Development";
				CODE_SIGN_STYLE = Automatic;
				CURRENT_PROJECT_VERSION = 0.3.0;
				DEVELOPMENT_TEAM = V2WCUWDL7B;
				GENERATE_INFOPLIST_FILE = YES;
				INFOPLIST_FILE = MementoShare/Info.plist;
				INFOPLIST_KEY_CFBundleDisplayName = MementoShare;
				INFOPLIST_KEY_NSHumanReadableCopyright = "";
				IPHONEOS_DEPLOYMENT_TARGET = 17.5;
				LD_RUNPATH_SEARCH_PATHS = (
					"$(inherited)",
					"@executable_path/Frameworks",
					"@executable_path/../../Frameworks",
				);
				MARKETING_VERSION = 0.3.0;
				PRODUCT_BUNDLE_IDENTIFIER = xyz.knotbin.memento.app.share;
				"PRODUCT_BUNDLE_IDENTIFIER[sdk=iphoneos*]" = xyz.knotbin.memento.app.share;
				"PRODUCT_BUNDLE_IDENTIFIER[sdk=macosx*]" = xyz.knotbin.memento.app.share;
				PRODUCT_NAME = "$(TARGET_NAME)";
				SKIP_INSTALL = YES;
				SUPPORTS_MACCATALYST = YES;
				SWIFT_EMIT_LOC_STRINGS = YES;
				SWIFT_OPTIMIZATION_LEVEL = "-Onone";
				SWIFT_VERSION = 5.0;
				TARGETED_DEVICE_FAMILY = "1,2";
			};
			name = Debug;
		};
		597A7F522C31274B00891DCA /* Release */ = {
			isa = XCBuildConfiguration;
			buildSettings = {
				CLANG_ENABLE_MODULES = YES;
				CODE_SIGN_ENTITLEMENTS = MementoShare/MementoShare.entitlements;
				CODE_SIGN_IDENTITY = "Apple Development";
				CODE_SIGN_STYLE = Automatic;
				CURRENT_PROJECT_VERSION = 0.3.0;
				DEVELOPMENT_TEAM = V2WCUWDL7B;
				GENERATE_INFOPLIST_FILE = YES;
				INFOPLIST_FILE = MementoShare/Info.plist;
				INFOPLIST_KEY_CFBundleDisplayName = MementoShare;
				INFOPLIST_KEY_NSHumanReadableCopyright = "";
				IPHONEOS_DEPLOYMENT_TARGET = 17.5;
				LD_RUNPATH_SEARCH_PATHS = (
					"$(inherited)",
					"@executable_path/Frameworks",
					"@executable_path/../../Frameworks",
				);
				MARKETING_VERSION = 0.3.0;
				PRODUCT_BUNDLE_IDENTIFIER = xyz.knotbin.memento.app.share;
				"PRODUCT_BUNDLE_IDENTIFIER[sdk=iphoneos*]" = xyz.knotbin.memento.app.share;
				"PRODUCT_BUNDLE_IDENTIFIER[sdk=macosx*]" = xyz.knotbin.memento.app.share;
				PRODUCT_NAME = "$(TARGET_NAME)";
				SKIP_INSTALL = YES;
				SUPPORTS_MACCATALYST = YES;
				SWIFT_EMIT_LOC_STRINGS = YES;
				SWIFT_VERSION = 5.0;
				TARGETED_DEVICE_FAMILY = "1,2";
			};
			name = Release;
		};
		597A7F7B2C31292F00891DCA /* Debug */ = {
			isa = XCBuildConfiguration;
			buildSettings = {
				ASSETCATALOG_COMPILER_GLOBAL_ACCENT_COLOR_NAME = AccentColor;
				ASSETCATALOG_COMPILER_WIDGET_BACKGROUND_COLOR_NAME = WidgetBackground;
				CODE_SIGN_ENTITLEMENTS = MementoWidget/MementoWidget.entitlements;
				CODE_SIGN_IDENTITY = "Apple Development";
				CODE_SIGN_STYLE = Automatic;
				CURRENT_PROJECT_VERSION = 0.3.0;
				DEAD_CODE_STRIPPING = YES;
				DEVELOPMENT_TEAM = V2WCUWDL7B;
				ENABLE_HARDENED_RUNTIME = YES;
				GENERATE_INFOPLIST_FILE = YES;
				INFOPLIST_FILE = MementoWidget/Info.plist;
				INFOPLIST_KEY_CFBundleDisplayName = MementoWidget;
				INFOPLIST_KEY_NSHumanReadableCopyright = "";
				IPHONEOS_DEPLOYMENT_TARGET = 17.5;
				LD_RUNPATH_SEARCH_PATHS = (
					"$(inherited)",
					"@executable_path/Frameworks",
					"@executable_path/../../Frameworks",
				);
				"LD_RUNPATH_SEARCH_PATHS[sdk=macosx*]" = (
					"$(inherited)",
					"@executable_path/../Frameworks",
					"@executable_path/../../../../Frameworks",
				);
				MACOSX_DEPLOYMENT_TARGET = 14.5;
				MARKETING_VERSION = 0.3.0;
				PRODUCT_BUNDLE_IDENTIFIER = xyz.knotbin.memento.app.widget;
				PRODUCT_NAME = "$(TARGET_NAME)";
				SDKROOT = auto;
				SKIP_INSTALL = YES;
				SUPPORTED_PLATFORMS = "iphoneos iphonesimulator macosx";
				SWIFT_EMIT_LOC_STRINGS = YES;
				SWIFT_VERSION = 5.0;
				TARGETED_DEVICE_FAMILY = "1,2";
			};
			name = Debug;
		};
		597A7F7C2C31292F00891DCA /* Release */ = {
			isa = XCBuildConfiguration;
			buildSettings = {
				ASSETCATALOG_COMPILER_GLOBAL_ACCENT_COLOR_NAME = AccentColor;
				ASSETCATALOG_COMPILER_WIDGET_BACKGROUND_COLOR_NAME = WidgetBackground;
				CODE_SIGN_ENTITLEMENTS = MementoWidget/MementoWidget.entitlements;
				CODE_SIGN_IDENTITY = "Apple Development";
				CODE_SIGN_STYLE = Automatic;
				CURRENT_PROJECT_VERSION = 0.3.0;
				DEAD_CODE_STRIPPING = YES;
				DEVELOPMENT_TEAM = V2WCUWDL7B;
				ENABLE_HARDENED_RUNTIME = YES;
				GENERATE_INFOPLIST_FILE = YES;
				INFOPLIST_FILE = MementoWidget/Info.plist;
				INFOPLIST_KEY_CFBundleDisplayName = MementoWidget;
				INFOPLIST_KEY_NSHumanReadableCopyright = "";
				IPHONEOS_DEPLOYMENT_TARGET = 17.5;
				LD_RUNPATH_SEARCH_PATHS = (
					"$(inherited)",
					"@executable_path/Frameworks",
					"@executable_path/../../Frameworks",
				);
				"LD_RUNPATH_SEARCH_PATHS[sdk=macosx*]" = (
					"$(inherited)",
					"@executable_path/../Frameworks",
					"@executable_path/../../../../Frameworks",
				);
				MACOSX_DEPLOYMENT_TARGET = 14.5;
				MARKETING_VERSION = 0.3.0;
				PRODUCT_BUNDLE_IDENTIFIER = xyz.knotbin.memento.app.widget;
				PRODUCT_NAME = "$(TARGET_NAME)";
				SDKROOT = auto;
				SKIP_INSTALL = YES;
				SUPPORTED_PLATFORMS = "iphoneos iphonesimulator macosx";
				SWIFT_EMIT_LOC_STRINGS = YES;
				SWIFT_VERSION = 5.0;
				TARGETED_DEVICE_FAMILY = "1,2";
			};
			name = Release;
		};
		59BFB2532BFCFAE6008B6EA8 /* Debug */ = {
			isa = XCBuildConfiguration;
			buildSettings = {
				ALWAYS_SEARCH_USER_PATHS = NO;
				ASSETCATALOG_COMPILER_GENERATE_SWIFT_ASSET_SYMBOL_EXTENSIONS = YES;
				CLANG_ANALYZER_NONNULL = YES;
				CLANG_ANALYZER_NUMBER_OBJECT_CONVERSION = YES_AGGRESSIVE;
				CLANG_CXX_LANGUAGE_STANDARD = "gnu++20";
				CLANG_ENABLE_MODULES = YES;
				CLANG_ENABLE_OBJC_ARC = YES;
				CLANG_ENABLE_OBJC_WEAK = YES;
				CLANG_WARN_BLOCK_CAPTURE_AUTORELEASING = YES;
				CLANG_WARN_BOOL_CONVERSION = YES;
				CLANG_WARN_COMMA = YES;
				CLANG_WARN_CONSTANT_CONVERSION = YES;
				CLANG_WARN_DEPRECATED_OBJC_IMPLEMENTATIONS = YES;
				CLANG_WARN_DIRECT_OBJC_ISA_USAGE = YES_ERROR;
				CLANG_WARN_DOCUMENTATION_COMMENTS = YES;
				CLANG_WARN_EMPTY_BODY = YES;
				CLANG_WARN_ENUM_CONVERSION = YES;
				CLANG_WARN_INFINITE_RECURSION = YES;
				CLANG_WARN_INT_CONVERSION = YES;
				CLANG_WARN_NON_LITERAL_NULL_CONVERSION = YES;
				CLANG_WARN_OBJC_IMPLICIT_RETAIN_SELF = YES;
				CLANG_WARN_OBJC_LITERAL_CONVERSION = YES;
				CLANG_WARN_OBJC_ROOT_CLASS = YES_ERROR;
				CLANG_WARN_QUOTED_INCLUDE_IN_FRAMEWORK_HEADER = YES;
				CLANG_WARN_RANGE_LOOP_ANALYSIS = YES;
				CLANG_WARN_STRICT_PROTOTYPES = YES;
				CLANG_WARN_SUSPICIOUS_MOVE = YES;
				CLANG_WARN_UNGUARDED_AVAILABILITY = YES_AGGRESSIVE;
				CLANG_WARN_UNREACHABLE_CODE = YES;
				CLANG_WARN__DUPLICATE_METHOD_MATCH = YES;
				COPY_PHASE_STRIP = NO;
				CURRENT_PROJECT_VERSION = 0.2.0;
				DEBUG_INFORMATION_FORMAT = dwarf;
				ENABLE_STRICT_OBJC_MSGSEND = YES;
				ENABLE_TESTABILITY = YES;
				ENABLE_USER_SCRIPT_SANDBOXING = YES;
				GCC_C_LANGUAGE_STANDARD = gnu17;
				GCC_DYNAMIC_NO_PIC = NO;
				GCC_NO_COMMON_BLOCKS = YES;
				GCC_OPTIMIZATION_LEVEL = 0;
				GCC_PREPROCESSOR_DEFINITIONS = (
					"DEBUG=1",
					"$(inherited)",
				);
				GCC_WARN_64_TO_32_BIT_CONVERSION = YES;
				GCC_WARN_ABOUT_RETURN_TYPE = YES_ERROR;
				GCC_WARN_UNDECLARED_SELECTOR = YES;
				GCC_WARN_UNINITIALIZED_AUTOS = YES_AGGRESSIVE;
				GCC_WARN_UNUSED_FUNCTION = YES;
				GCC_WARN_UNUSED_VARIABLE = YES;
				IPHONEOS_DEPLOYMENT_TARGET = 17.4;
				LOCALIZATION_PREFERS_STRING_CATALOGS = YES;
				MARKETING_VERSION = 0.2.0;
				MTL_ENABLE_DEBUG_INFO = INCLUDE_SOURCE;
				MTL_FAST_MATH = YES;
				ONLY_ACTIVE_ARCH = YES;
				SDKROOT = iphoneos;
				SWIFT_ACTIVE_COMPILATION_CONDITIONS = "DEBUG $(inherited)";
				SWIFT_OPTIMIZATION_LEVEL = "-Onone";
				VERSIONING_SYSTEM = "";
			};
			name = Debug;
		};
		59BFB2542BFCFAE6008B6EA8 /* Release */ = {
			isa = XCBuildConfiguration;
			buildSettings = {
				ALWAYS_SEARCH_USER_PATHS = NO;
				ASSETCATALOG_COMPILER_GENERATE_SWIFT_ASSET_SYMBOL_EXTENSIONS = YES;
				CLANG_ANALYZER_NONNULL = YES;
				CLANG_ANALYZER_NUMBER_OBJECT_CONVERSION = YES_AGGRESSIVE;
				CLANG_CXX_LANGUAGE_STANDARD = "gnu++20";
				CLANG_ENABLE_MODULES = YES;
				CLANG_ENABLE_OBJC_ARC = YES;
				CLANG_ENABLE_OBJC_WEAK = YES;
				CLANG_WARN_BLOCK_CAPTURE_AUTORELEASING = YES;
				CLANG_WARN_BOOL_CONVERSION = YES;
				CLANG_WARN_COMMA = YES;
				CLANG_WARN_CONSTANT_CONVERSION = YES;
				CLANG_WARN_DEPRECATED_OBJC_IMPLEMENTATIONS = YES;
				CLANG_WARN_DIRECT_OBJC_ISA_USAGE = YES_ERROR;
				CLANG_WARN_DOCUMENTATION_COMMENTS = YES;
				CLANG_WARN_EMPTY_BODY = YES;
				CLANG_WARN_ENUM_CONVERSION = YES;
				CLANG_WARN_INFINITE_RECURSION = YES;
				CLANG_WARN_INT_CONVERSION = YES;
				CLANG_WARN_NON_LITERAL_NULL_CONVERSION = YES;
				CLANG_WARN_OBJC_IMPLICIT_RETAIN_SELF = YES;
				CLANG_WARN_OBJC_LITERAL_CONVERSION = YES;
				CLANG_WARN_OBJC_ROOT_CLASS = YES_ERROR;
				CLANG_WARN_QUOTED_INCLUDE_IN_FRAMEWORK_HEADER = YES;
				CLANG_WARN_RANGE_LOOP_ANALYSIS = YES;
				CLANG_WARN_STRICT_PROTOTYPES = YES;
				CLANG_WARN_SUSPICIOUS_MOVE = YES;
				CLANG_WARN_UNGUARDED_AVAILABILITY = YES_AGGRESSIVE;
				CLANG_WARN_UNREACHABLE_CODE = YES;
				CLANG_WARN__DUPLICATE_METHOD_MATCH = YES;
				COPY_PHASE_STRIP = NO;
				CURRENT_PROJECT_VERSION = 0.2.0;
				DEBUG_INFORMATION_FORMAT = "dwarf-with-dsym";
				ENABLE_NS_ASSERTIONS = NO;
				ENABLE_STRICT_OBJC_MSGSEND = YES;
				ENABLE_USER_SCRIPT_SANDBOXING = YES;
				GCC_C_LANGUAGE_STANDARD = gnu17;
				GCC_NO_COMMON_BLOCKS = YES;
				GCC_WARN_64_TO_32_BIT_CONVERSION = YES;
				GCC_WARN_ABOUT_RETURN_TYPE = YES_ERROR;
				GCC_WARN_UNDECLARED_SELECTOR = YES;
				GCC_WARN_UNINITIALIZED_AUTOS = YES_AGGRESSIVE;
				GCC_WARN_UNUSED_FUNCTION = YES;
				GCC_WARN_UNUSED_VARIABLE = YES;
				IPHONEOS_DEPLOYMENT_TARGET = 17.4;
				LOCALIZATION_PREFERS_STRING_CATALOGS = YES;
				MARKETING_VERSION = 0.2.0;
				MTL_ENABLE_DEBUG_INFO = NO;
				MTL_FAST_MATH = YES;
				SDKROOT = iphoneos;
				SWIFT_COMPILATION_MODE = wholemodule;
				VALIDATE_PRODUCT = YES;
				VERSIONING_SYSTEM = "";
			};
			name = Release;
		};
		59BFB2562BFCFAE6008B6EA8 /* Debug */ = {
			isa = XCBuildConfiguration;
			buildSettings = {
				ASSETCATALOG_COMPILER_APPICON_NAME = AppIcon;
				ASSETCATALOG_COMPILER_GLOBAL_ACCENT_COLOR_NAME = AccentColor;
				CODE_SIGN_ENTITLEMENTS = Memento/Memento.entitlements;
				CODE_SIGN_IDENTITY = "Apple Development";
				CODE_SIGN_STYLE = Automatic;
				CURRENT_PROJECT_VERSION = 0.3.0;
				DEVELOPMENT_ASSET_PATHS = "";
				DEVELOPMENT_TEAM = V2WCUWDL7B;
				ENABLE_PREVIEWS = YES;
				GENERATE_INFOPLIST_FILE = YES;
				INFOPLIST_FILE = Memento/Info.plist;
				INFOPLIST_KEY_CFBundleDisplayName = Memento;
				INFOPLIST_KEY_LSApplicationCategoryType = "public.app-category.utilities";
				INFOPLIST_KEY_UIApplicationSceneManifest_Generation = YES;
				INFOPLIST_KEY_UIApplicationSupportsIndirectInputEvents = YES;
				INFOPLIST_KEY_UILaunchScreen_Generation = YES;
				INFOPLIST_KEY_UISupportedInterfaceOrientations = UIInterfaceOrientationPortrait;
				INFOPLIST_KEY_UISupportedInterfaceOrientations_iPad = "UIInterfaceOrientationLandscapeLeft UIInterfaceOrientationLandscapeRight UIInterfaceOrientationPortrait UIInterfaceOrientationPortraitUpsideDown";
				IPHONEOS_DEPLOYMENT_TARGET = 17.0;
				LD_RUNPATH_SEARCH_PATHS = (
					"$(inherited)",
					"@executable_path/Frameworks",
				);
				MARKETING_VERSION = 0.3.0;
				PRODUCT_BUNDLE_IDENTIFIER = xyz.knotbin.memento.app;
				PRODUCT_NAME = "$(TARGET_NAME)";
				PROVISIONING_PROFILE_SPECIFIER = "";
				REGISTER_APP_GROUPS = YES;
				SUPPORTED_PLATFORMS = "iphoneos iphonesimulator xros xrsimulator";
				SUPPORTS_MACCATALYST = YES;
				SUPPORTS_MAC_DESIGNED_FOR_IPHONE_IPAD = NO;
				SUPPORTS_XR_DESIGNED_FOR_IPHONE_IPAD = NO;
				SWIFT_EMIT_LOC_STRINGS = YES;
				SWIFT_VERSION = 5.0;
				TARGETED_DEVICE_FAMILY = "1,2,6,7";
				XROS_DEPLOYMENT_TARGET = 1.0;
			};
			name = Debug;
		};
		59BFB2572BFCFAE6008B6EA8 /* Release */ = {
			isa = XCBuildConfiguration;
			buildSettings = {
				ASSETCATALOG_COMPILER_APPICON_NAME = AppIcon;
				ASSETCATALOG_COMPILER_GLOBAL_ACCENT_COLOR_NAME = AccentColor;
				CODE_SIGN_ENTITLEMENTS = Memento/Memento.entitlements;
				CODE_SIGN_IDENTITY = "Apple Development";
				CODE_SIGN_STYLE = Automatic;
				CURRENT_PROJECT_VERSION = 0.3.0;
				DEVELOPMENT_ASSET_PATHS = "";
				DEVELOPMENT_TEAM = V2WCUWDL7B;
				ENABLE_PREVIEWS = YES;
				GENERATE_INFOPLIST_FILE = YES;
				INFOPLIST_FILE = Memento/Info.plist;
				INFOPLIST_KEY_CFBundleDisplayName = Memento;
				INFOPLIST_KEY_LSApplicationCategoryType = "public.app-category.utilities";
				INFOPLIST_KEY_UIApplicationSceneManifest_Generation = YES;
				INFOPLIST_KEY_UIApplicationSupportsIndirectInputEvents = YES;
				INFOPLIST_KEY_UILaunchScreen_Generation = YES;
				INFOPLIST_KEY_UISupportedInterfaceOrientations = UIInterfaceOrientationPortrait;
				INFOPLIST_KEY_UISupportedInterfaceOrientations_iPad = "UIInterfaceOrientationLandscapeLeft UIInterfaceOrientationLandscapeRight UIInterfaceOrientationPortrait UIInterfaceOrientationPortraitUpsideDown";
				IPHONEOS_DEPLOYMENT_TARGET = 17.0;
				LD_RUNPATH_SEARCH_PATHS = (
					"$(inherited)",
					"@executable_path/Frameworks",
				);
				MARKETING_VERSION = 0.3.0;
				PRODUCT_BUNDLE_IDENTIFIER = xyz.knotbin.memento.app;
				PRODUCT_NAME = "$(TARGET_NAME)";
				PROVISIONING_PROFILE_SPECIFIER = "";
				REGISTER_APP_GROUPS = YES;
				SUPPORTED_PLATFORMS = "iphoneos iphonesimulator xros xrsimulator";
				SUPPORTS_MACCATALYST = YES;
				SUPPORTS_MAC_DESIGNED_FOR_IPHONE_IPAD = NO;
				SUPPORTS_XR_DESIGNED_FOR_IPHONE_IPAD = NO;
				SWIFT_EMIT_LOC_STRINGS = YES;
				SWIFT_VERSION = 5.0;
				TARGETED_DEVICE_FAMILY = "1,2,6,7";
				XROS_DEPLOYMENT_TARGET = 1.0;
			};
			name = Release;
		};
		59BFB2592BFCFAE6008B6EA8 /* Debug */ = {
			isa = XCBuildConfiguration;
			buildSettings = {
				BUNDLE_LOADER = "$(TEST_HOST)";
				CODE_SIGN_STYLE = Automatic;
				CURRENT_PROJECT_VERSION = 0.0.2;
				DEVELOPMENT_TEAM = 5T458C78BL;
				GENERATE_INFOPLIST_FILE = YES;
				IPHONEOS_DEPLOYMENT_TARGET = 17.4;
				MARKETING_VERSION = 0.0.2;
				PRODUCT_BUNDLE_IDENTIFIER = com.roscoe.MementoTests;
				PRODUCT_NAME = "$(TARGET_NAME)";
				SUPPORTED_PLATFORMS = "iphoneos iphonesimulator";
				SUPPORTS_MACCATALYST = YES;
				SUPPORTS_MAC_DESIGNED_FOR_IPHONE_IPAD = NO;
				SWIFT_EMIT_LOC_STRINGS = NO;
				SWIFT_VERSION = 5.0;
				TARGETED_DEVICE_FAMILY = "1,2";
				TEST_HOST = "$(BUILT_PRODUCTS_DIR)/Memento.app/$(BUNDLE_EXECUTABLE_FOLDER_PATH)/Memento";
			};
			name = Debug;
		};
		59BFB25A2BFCFAE6008B6EA8 /* Release */ = {
			isa = XCBuildConfiguration;
			buildSettings = {
				BUNDLE_LOADER = "$(TEST_HOST)";
				CODE_SIGN_STYLE = Automatic;
				CURRENT_PROJECT_VERSION = 0.0.2;
				DEVELOPMENT_TEAM = 5T458C78BL;
				GENERATE_INFOPLIST_FILE = YES;
				IPHONEOS_DEPLOYMENT_TARGET = 17.4;
				MARKETING_VERSION = 0.0.2;
				PRODUCT_BUNDLE_IDENTIFIER = com.roscoe.MementoTests;
				PRODUCT_NAME = "$(TARGET_NAME)";
				SUPPORTED_PLATFORMS = "iphoneos iphonesimulator";
				SUPPORTS_MACCATALYST = YES;
				SUPPORTS_MAC_DESIGNED_FOR_IPHONE_IPAD = NO;
				SWIFT_EMIT_LOC_STRINGS = NO;
				SWIFT_VERSION = 5.0;
				TARGETED_DEVICE_FAMILY = "1,2";
				TEST_HOST = "$(BUILT_PRODUCTS_DIR)/Memento.app/$(BUNDLE_EXECUTABLE_FOLDER_PATH)/Memento";
			};
			name = Release;
		};
		59BFB25C2BFCFAE6008B6EA8 /* Debug */ = {
			isa = XCBuildConfiguration;
			buildSettings = {
				CODE_SIGN_STYLE = Automatic;
				CURRENT_PROJECT_VERSION = 0.0.2;
				DEVELOPMENT_TEAM = 5T458C78BL;
				GENERATE_INFOPLIST_FILE = YES;
				MARKETING_VERSION = 0.0.2;
				PRODUCT_BUNDLE_IDENTIFIER = com.roscoe.MementoUITests;
				PRODUCT_NAME = "$(TARGET_NAME)";
				SUPPORTED_PLATFORMS = "iphoneos iphonesimulator";
				SUPPORTS_MACCATALYST = YES;
				SUPPORTS_MAC_DESIGNED_FOR_IPHONE_IPAD = NO;
				SWIFT_EMIT_LOC_STRINGS = NO;
				SWIFT_VERSION = 5.0;
				TARGETED_DEVICE_FAMILY = "1,2";
				TEST_TARGET_NAME = Memento;
			};
			name = Debug;
		};
		59BFB25D2BFCFAE6008B6EA8 /* Release */ = {
			isa = XCBuildConfiguration;
			buildSettings = {
				CODE_SIGN_STYLE = Automatic;
				CURRENT_PROJECT_VERSION = 0.0.2;
				DEVELOPMENT_TEAM = 5T458C78BL;
				GENERATE_INFOPLIST_FILE = YES;
				MARKETING_VERSION = 0.0.2;
				PRODUCT_BUNDLE_IDENTIFIER = com.roscoe.MementoUITests;
				PRODUCT_NAME = "$(TARGET_NAME)";
				SUPPORTED_PLATFORMS = "iphoneos iphonesimulator";
				SUPPORTS_MACCATALYST = YES;
				SUPPORTS_MAC_DESIGNED_FOR_IPHONE_IPAD = NO;
				SWIFT_EMIT_LOC_STRINGS = NO;
				SWIFT_VERSION = 5.0;
				TARGETED_DEVICE_FAMILY = "1,2";
				TEST_TARGET_NAME = Memento;
			};
			name = Release;
		};
/* End XCBuildConfiguration section */

/* Begin XCConfigurationList section */
		597A7F502C31274B00891DCA /* Build configuration list for PBXNativeTarget "MementoShare" */ = {
			isa = XCConfigurationList;
			buildConfigurations = (
				597A7F512C31274B00891DCA /* Debug */,
				597A7F522C31274B00891DCA /* Release */,
			);
			defaultConfigurationIsVisible = 0;
			defaultConfigurationName = Release;
		};
		597A7F7A2C31292F00891DCA /* Build configuration list for PBXNativeTarget "MementoWidgetExtension" */ = {
			isa = XCConfigurationList;
			buildConfigurations = (
				597A7F7B2C31292F00891DCA /* Debug */,
				597A7F7C2C31292F00891DCA /* Release */,
			);
			defaultConfigurationIsVisible = 0;
			defaultConfigurationName = Release;
		};
		59BFB22A2BFCFAE5008B6EA8 /* Build configuration list for PBXProject "Memento" */ = {
			isa = XCConfigurationList;
			buildConfigurations = (
				59BFB2532BFCFAE6008B6EA8 /* Debug */,
				59BFB2542BFCFAE6008B6EA8 /* Release */,
			);
			defaultConfigurationIsVisible = 0;
			defaultConfigurationName = Release;
		};
		59BFB2552BFCFAE6008B6EA8 /* Build configuration list for PBXNativeTarget "Memento" */ = {
			isa = XCConfigurationList;
			buildConfigurations = (
				59BFB2562BFCFAE6008B6EA8 /* Debug */,
				59BFB2572BFCFAE6008B6EA8 /* Release */,
			);
			defaultConfigurationIsVisible = 0;
			defaultConfigurationName = Release;
		};
		59BFB2582BFCFAE6008B6EA8 /* Build configuration list for PBXNativeTarget "MementoTests" */ = {
			isa = XCConfigurationList;
			buildConfigurations = (
				59BFB2592BFCFAE6008B6EA8 /* Debug */,
				59BFB25A2BFCFAE6008B6EA8 /* Release */,
			);
			defaultConfigurationIsVisible = 0;
			defaultConfigurationName = Release;
		};
		59BFB25B2BFCFAE6008B6EA8 /* Build configuration list for PBXNativeTarget "MementoUITests" */ = {
			isa = XCConfigurationList;
			buildConfigurations = (
				59BFB25C2BFCFAE6008B6EA8 /* Debug */,
				59BFB25D2BFCFAE6008B6EA8 /* Release */,
			);
			defaultConfigurationIsVisible = 0;
			defaultConfigurationName = Release;
		};
/* End XCConfigurationList section */
	};
	rootObject = 59BFB2272BFCFAE5008B6EA8 /* Project object */;
}
