{
  "originHash" : "e7e6ffb508494a12e4a3c4a3f1ddf111186b70890e9fbeb02308635100742874",
  "pins" : [
    {
      "identity" : "bugreporter",
      "kind" : "remoteSourceControl",
      "location" : "https://github.com/knotbin/bugreporter",
      "state" : {
        "branch" : "main",
        "revision" : "4013878fffa20c284f8f38f5c23ebf8c24c01862"
      }
    },
    {
      "identity" : "octokit.swift",
      "kind" : "remoteSourceControl",
      "location" : "https://github.com/nerdishbynature/octokit.swift",
      "state" : {
        "revision" : "f762f1566f7cd0e683b9329f169c28ab6ef993cc",
        "version" : "0.12.0"
      }
    },
    {
      "identity" : "requestkit",
      "kind" : "remoteSourceControl",
      "location" : "https://github.com/nerdishbynature/RequestKit.git",
      "state" : {
        "revision" : "e4d905fed938807e36d87f28375f88b7c1c26840",
        "version" : "3.3.0"
      }
    }
  ],
  "version" : 3
}
